PODS:
  - ActionSheetPicker-3.0 (2.3.0)
  - AFNetworking (3.2.0):
    - AFNetworking/NSURLSession (= 3.2.0)
    - AFNetworking/Reachability (= 3.2.0)
    - AFNetworking/Security (= 3.2.0)
    - AFNetworking/Serialization (= 3.2.0)
    - AFNetworking/UIKit (= 3.2.0)
  - AFNetworking/NSURLSession (3.2.0):
    - AFNetworking/Reachability
    - AFNetworking/Security
    - AFNetworking/Serialization
  - AFNetworking/Reachability (3.2.0)
  - AFNetworking/Security (3.2.0)
  - AFNetworking/Serialization (3.2.0)
  - AFNetworking/UIKit (3.2.0):
    - AFNetworking/NSURLSession
  - ApiAI (0.7.2):
    - ApiAI/AudioFileConverter (= 0.7.2)
    - ApiAI/Core (= 0.7.2)
    - ApiAI/Events (= 0.7.2)
    - ApiAI/ResponseMapping (= 0.7.2)
    - ApiAI/UIKit (= 0.7.2)
    - ApiAI/UserEntities (= 0.7.2)
    - ApiAI/VoiceFileRequest (= 0.7.2)
    - ApiAI/VoiceRequest (= 0.7.2)
  - ApiAI/AudioFileConverter (0.7.2):
    - ApiAI/Core
  - ApiAI/Core (0.7.2)
  - ApiAI/Events (0.7.2):
    - ApiAI/Core
  - ApiAI/ResponseMapping (0.7.2):
    - ApiAI/Core
  - ApiAI/UIKit (0.7.2):
    - ApiAI/Core
    - ApiAI/VoiceRequest
  - ApiAI/UserEntities (0.7.2):
    - ApiAI/Core
  - ApiAI/VoiceFileRequest (0.7.2):
    - ApiAI/Core
  - ApiAI/VoiceRequest (0.7.2):
    - ApiAI/Core
  - FCAlertView (1.4.0)
  - FFPopup (1.0.0)
  - MZTimerLabel (0.5.4)
  - "NSDate+TimeAgo (1.0.6)"
  - Pulsator (0.5.1)
  - PulsingHalo (0.2.8)
  - Shift (0.2.2)
  - SkyFloatingLabelTextField (3.4.0)

DEPENDENCIES:
  - ActionSheetPicker-3.0
  - AFNetworking (~> 3.0)
  - ApiAI
  - FCAlertView
  - FFPopup (from `https://github.com/JonyFang/FFPopup.git`)
  - MZTimerLabel
  - "NSDate+TimeAgo"
  - Pulsator
  - PulsingHalo
  - Shift
  - SkyFloatingLabelTextField (~> 3.0)

SPEC REPOS:
  https://github.com/cocoapods/specs.git:
    - ActionSheetPicker-3.0
    - AFNetworking
    - ApiAI
    - FCAlertView
    - MZTimerLabel
    - "NSDate+TimeAgo"
    - Pulsator
    - PulsingHalo
    - Shift
    - SkyFloatingLabelTextField

EXTERNAL SOURCES:
  FFPopup:
    :git: https://github.com/JonyFang/FFPopup.git

CHECKOUT OPTIONS:
  FFPopup:
    :commit: 9edfff034b0f4a05bc256909376477fcdf5f4b34
    :git: https://github.com/JonyFang/FFPopup.git

SPEC CHECKSUMS:
  ActionSheetPicker-3.0: eef157d75e151f255c5333d26656c7fbfe905a51
  AFNetworking: 8ac6017b94ea105479f7776e5288e48ae9c59bb4
  ApiAI: d4b49d3736f33ce6f3ef66dc33c0e0fccb23579e
  FCAlertView: fdddd63381898c1d1a5a20c9f084fbd2c6d12f8b
  FFPopup: f1a9c2bb1df9d9cd254f15081e74112d9ccb6969
  MZTimerLabel: cd9bfb9304540ef2a9e163384fca9c978f0dbf83
  "NSDate+TimeAgo": 35601c619b2d59290055e4fe76e61d97677a2360
  Pulsator: f465ca37212d826523fe8c79b07c1a4c1a941f5e
  PulsingHalo: 64938e4bd3893b823abdf01478084cd92445af2b
  Shift: 86dc634d046fc86a879dbfdb492739672cc092be
  SkyFloatingLabelTextField: 703aa1420b697392b1e7dba25571180dde018477

PODFILE CHECKSUM: b5e75f73ca039ac1207a36bb075a640130956df8

COCOAPODS: 1.6.0
