// !$*UTF8*$!
{
	archiveVersion = 1;
	classes = {
	};
	objectVersion = 50;
	objects = {

/* Begin PBXBuildFile section */
		2011093029A611543B852F05 /* Pods_CambridgeTranscribe.framework in Frameworks */ = {isa = PBXBuildFile; fileRef = 7936189370E7CBB3485B8CD9 /* Pods_CambridgeTranscribe.framework */; };
		6F05D4842233E6EC00729A21 /* Lectures.storyboard in Resources */ = {isa = PBXBuildFile; fileRef = 6F05D4832233E6EC00729A21 /* Lectures.storyboard */; };
		6F05D4862233E72800729A21 /* LecturesViewController.swift in Sources */ = {isa = PBXBuildFile; fileRef = 6F05D4852233E72800729A21 /* LecturesViewController.swift */; };
		6F05D48A2233E96E00729A21 /* LectureCell.swift in Sources */ = {isa = PBXBuildFile; fileRef = 6F05D4892233E96E00729A21 /* LectureCell.swift */; };
		6F05D48C2233E98200729A21 /* LectureCell.xib in Resources */ = {isa = PBXBuildFile; fileRef = 6F05D48B2233E98200729A21 /* LectureCell.xib */; };
		6F05D4902233F33500729A21 /* LectureHeader.swift in Sources */ = {isa = PBXBuildFile; fileRef = 6F05D48E2233F33500729A21 /* LectureHeader.swift */; };
		6F05D4912233F33500729A21 /* LectureHeader.xib in Resources */ = {isa = PBXBuildFile; fileRef = 6F05D48F2233F33500729A21 /* LectureHeader.xib */; };
		6F05D4942233F68700729A21 /* LectureTag.swift in Sources */ = {isa = PBXBuildFile; fileRef = 6F05D4932233F68700729A21 /* LectureTag.swift */; };
		6F05D4972233F89F00729A21 /* TranscriptViewController.swift in Sources */ = {isa = PBXBuildFile; fileRef = 6F05D4962233F89F00729A21 /* TranscriptViewController.swift */; };
		6F05D4992233F8A900729A21 /* Transcript.storyboard in Resources */ = {isa = PBXBuildFile; fileRef = 6F05D4982233F8A900729A21 /* Transcript.storyboard */; };
		6F05D49D2234035A00729A21 /* TranscriptAudioPlaybackProgress.swift in Sources */ = {isa = PBXBuildFile; fileRef = 6F05D49C2234035A00729A21 /* TranscriptAudioPlaybackProgress.swift */; };
		6F05D49F2234037900729A21 /* TranscriptAudioPlaybackProgress.xib in Resources */ = {isa = PBXBuildFile; fileRef = 6F05D49E2234037900729A21 /* TranscriptAudioPlaybackProgress.xib */; };
		6F05D4A22234230D00729A21 /* Button.swift in Sources */ = {isa = PBXBuildFile; fileRef = 6F05D4A12234230D00729A21 /* Button.swift */; };
		6F05D4A422347E3000729A21 /* IconButton.swift in Sources */ = {isa = PBXBuildFile; fileRef = 6F05D4A322347E3000729A21 /* IconButton.swift */; };
		6F05D4A72234F85800729A21 /* TranscriptFragmentView.swift in Sources */ = {isa = PBXBuildFile; fileRef = 6F05D4A62234F85800729A21 /* TranscriptFragmentView.swift */; };
		6F05D4AA223501F300729A21 /* TranscriptLabel.swift in Sources */ = {isa = PBXBuildFile; fileRef = 6F05D4A9223501F300729A21 /* TranscriptLabel.swift */; };
		6F05D4AE22350D5F00729A21 /* CopyableLabel.swift in Sources */ = {isa = PBXBuildFile; fileRef = 6F05D4AD22350D5F00729A21 /* CopyableLabel.swift */; };
		6F05D4B222353E4000729A21 /* TranscriptDocument.swift in Sources */ = {isa = PBXBuildFile; fileRef = 6F05D4B122353E4000729A21 /* TranscriptDocument.swift */; };
		6F05D4B42235410100729A21 /* TranscriptStore.swift in Sources */ = {isa = PBXBuildFile; fileRef = 6F05D4B32235410100729A21 /* TranscriptStore.swift */; };
		6F05D4D42235421600729A21 /* AppDelegate.swift in Sources */ = {isa = PBXBuildFile; fileRef = 6F05D4D32235421600729A21 /* AppDelegate.swift */; };
		6F05D4DD2235845500729A21 /* NSRange+UITextRange.swift in Sources */ = {isa = PBXBuildFile; fileRef = 6F05D4DC2235845500729A21 /* NSRange+UITextRange.swift */; };
		6F05D4E02235A0D700729A21 /* EntityViewController.swift in Sources */ = {isa = PBXBuildFile; fileRef = 6F05D4DF2235A0D700729A21 /* EntityViewController.swift */; };
		6F05D4E22235A0E900729A21 /* Entity.storyboard in Resources */ = {isa = PBXBuildFile; fileRef = 6F05D4E12235A0E900729A21 /* Entity.storyboard */; };
		6F05D4E62235AC7600729A21 /* EntityCell.swift in Sources */ = {isa = PBXBuildFile; fileRef = 6F05D4E52235AC7600729A21 /* EntityCell.swift */; };
		6F05D4E92235AF6C00729A21 /* EntitiyHeader.swift in Sources */ = {isa = PBXBuildFile; fileRef = 6F05D4E82235AF6C00729A21 /* EntitiyHeader.swift */; };
		6F05D4EB2235B14000729A21 /* EntityHeader.xib in Resources */ = {isa = PBXBuildFile; fileRef = 6F05D4EA2235B14000729A21 /* EntityHeader.xib */; };
		6F05D4EE2235BB4100729A21 /* ShadowImageView.swift in Sources */ = {isa = PBXBuildFile; fileRef = 6F05D4ED2235BB4100729A21 /* ShadowImageView.swift */; };
		6F05D4F12236527800729A21 /* ADIViewController.swift in Sources */ = {isa = PBXBuildFile; fileRef = 6F05D4F02236527800729A21 /* ADIViewController.swift */; };
		6F05D4F32236528600729A21 /* ADI.storyboard in Resources */ = {isa = PBXBuildFile; fileRef = 6F05D4F22236528600729A21 /* ADI.storyboard */; };
		6F15506921FB647D00057F39 /* CBLectureView.m in Sources */ = {isa = PBXBuildFile; fileRef = 6F15506821FB647D00057F39 /* CBLectureView.m */; };
		6F15506B21FB648800057F39 /* CBLectureView.xib in Resources */ = {isa = PBXBuildFile; fileRef = 6F15506A21FB648800057F39 /* CBLectureView.xib */; };
		6F36DDE221F38784001FE943 /* Assets.xcassets in Resources */ = {isa = PBXBuildFile; fileRef = 6F36DDE121F38784001FE943 /* Assets.xcassets */; };
		6F36DDE521F38784001FE943 /* LaunchScreen.storyboard in Resources */ = {isa = PBXBuildFile; fileRef = 6F36DDE321F38784001FE943 /* LaunchScreen.storyboard */; };
		6F4D1F49223673DB0068C7A2 /* PullOverADIViewController.swift in Sources */ = {isa = PBXBuildFile; fileRef = 6F4D1F48223673DB0068C7A2 /* PullOverADIViewController.swift */; };
		6F4D1F4D223674460068C7A2 /* PullOverViewController.swift in Sources */ = {isa = PBXBuildFile; fileRef = 6F4D1F4C223674460068C7A2 /* PullOverViewController.swift */; };
		6F4D1F5022368CFB0068C7A2 /* PullOverADIView.swift in Sources */ = {isa = PBXBuildFile; fileRef = 6F4D1F4F22368CFB0068C7A2 /* PullOverADIView.swift */; };
		6F4D1F5422368D280068C7A2 /* PullOverADIView.xib in Resources */ = {isa = PBXBuildFile; fileRef = 6F4D1F5322368D280068C7A2 /* PullOverADIView.xib */; };
		6F4D1F582238597E0068C7A2 /* DailySummaryViewController.swift in Sources */ = {isa = PBXBuildFile; fileRef = 6F4D1F572238597E0068C7A2 /* DailySummaryViewController.swift */; };
		6F4D1F5A223859890068C7A2 /* Summary.storyboard in Resources */ = {isa = PBXBuildFile; fileRef = 6F4D1F59223859890068C7A2 /* Summary.storyboard */; };
		6F4D1F5E223863460068C7A2 /* DailySummaryCell.swift in Sources */ = {isa = PBXBuildFile; fileRef = 6F4D1F5D223863460068C7A2 /* DailySummaryCell.swift */; };
		6F4D1F6122386EB50068C7A2 /* DailySummaryHeader.swift in Sources */ = {isa = PBXBuildFile; fileRef = 6F4D1F6022386EB50068C7A2 /* DailySummaryHeader.swift */; };
		6F4D1F6322386EC10068C7A2 /* DailySummaryHeader.xib in Resources */ = {isa = PBXBuildFile; fileRef = 6F4D1F6222386EC10068C7A2 /* DailySummaryHeader.xib */; };
		6F4D1F68223999E00068C7A2 /* LNPopupController.framework in Frameworks */ = {isa = PBXBuildFile; fileRef = 6F4D1F67223999E00068C7A2 /* LNPopupController.framework */; };
		6F4D1F69223999E00068C7A2 /* LNPopupController.framework in Embed Frameworks */ = {isa = PBXBuildFile; fileRef = 6F4D1F67223999E00068C7A2 /* LNPopupController.framework */; settings = {ATTRIBUTES = (CodeSignOnCopy, RemoveHeadersOnCopy, ); }; };
		6F4D1F6B22399A0F0068C7A2 /* TranscribingPopupController.swift in Sources */ = {isa = PBXBuildFile; fileRef = 6F4D1F6A22399A0F0068C7A2 /* TranscribingPopupController.swift */; };
		6F4D1F6E2239A47B0068C7A2 /* TranscribingCustomBarViewController.swift in Sources */ = {isa = PBXBuildFile; fileRef = 6F4D1F6D2239A47B0068C7A2 /* TranscribingCustomBarViewController.swift */; };
		6F4D1F722239A4F10068C7A2 /* TranscribingCustomBarViewController.xib in Resources */ = {isa = PBXBuildFile; fileRef = 6F4D1F712239A4F10068C7A2 /* TranscribingCustomBarViewController.xib */; };
		6F4D1F742239B9760068C7A2 /* MicrosoftCognitiveServicesSpeech.framework in Frameworks */ = {isa = PBXBuildFile; fileRef = 6F4D1F732239B9760068C7A2 /* MicrosoftCognitiveServicesSpeech.framework */; };
		6F4D1F752239B97E0068C7A2 /* MicrosoftCognitiveServicesSpeech.framework in Frameworks */ = {isa = PBXBuildFile; fileRef = 6F4D1F732239B9760068C7A2 /* MicrosoftCognitiveServicesSpeech.framework */; };
		6F4D1F762239B97E0068C7A2 /* MicrosoftCognitiveServicesSpeech.framework in Embed Frameworks */ = {isa = PBXBuildFile; fileRef = 6F4D1F732239B9760068C7A2 /* MicrosoftCognitiveServicesSpeech.framework */; settings = {ATTRIBUTES = (CodeSignOnCopy, RemoveHeadersOnCopy, ); }; };
		6F4D1F7A2239BABD0068C7A2 /* CTSpeechToText.m in Sources */ = {isa = PBXBuildFile; fileRef = 6F4D1F792239BABD0068C7A2 /* CTSpeechToText.m */; };
		6F93887D21FEDF91004A1C40 /* Root.storyboard in Resources */ = {isa = PBXBuildFile; fileRef = 6F93887C21FEDF91004A1C40 /* Root.storyboard */; };
		6F98735B2218B0E0008E302B /* CircleView.swift in Sources */ = {isa = PBXBuildFile; fileRef = 6F98735A2218B0E0008E302B /* CircleView.swift */; };
		6F9E98F62232BE1200DF7D9E /* RecordButton.swift in Sources */ = {isa = PBXBuildFile; fileRef = 6F9E98F52232BE1200DF7D9E /* RecordButton.swift */; };
		6F9E98FB2232C08900DF7D9E /* UIColor+Hex.swift in Sources */ = {isa = PBXBuildFile; fileRef = 6F9E98FA2232C08900DF7D9E /* UIColor+Hex.swift */; };
		6FB1C93621F48C9E004529BD /* CBLectureCollectionViewCell.m in Sources */ = {isa = PBXBuildFile; fileRef = 6FB1C93521F48C9D004529BD /* CBLectureCollectionViewCell.m */; };
		6FBB6198221B3E820073650C /* TranscribingViewController.swift in Sources */ = {isa = PBXBuildFile; fileRef = 6FBB6197221B3E820073650C /* TranscribingViewController.swift */; };
		6FBB619E221B42BA0073650C /* SCSiriWaveformView.m in Sources */ = {isa = PBXBuildFile; fileRef = 6FBB619C221B42BA0073650C /* SCSiriWaveformView.m */; };
		6FCC5120221962F90029AEAC /* TintImageView.swift in Sources */ = {isa = PBXBuildFile; fileRef = 6FCC511F221962F90029AEAC /* TintImageView.swift */; };
		6FD8E7C621F3FE0000363438 /* CBRecordDetailViewController.m in Sources */ = {isa = PBXBuildFile; fileRef = 6FD8E7C521F3FE0000363438 /* CBRecordDetailViewController.m */; };
		6FD8E7C921F4071900363438 /* CBRecordTranscriptViewController.m in Sources */ = {isa = PBXBuildFile; fileRef = 6FD8E7C821F4071900363438 /* CBRecordTranscriptViewController.m */; };
		6FD8E7D721F411B200363438 /* Brandon_bld_it.otf in Resources */ = {isa = PBXBuildFile; fileRef = 6FD8E7CD21F40D3800363438 /* Brandon_bld_it.otf */; };
		6FD8E7D821F411B200363438 /* Brandon_bld.otf in Resources */ = {isa = PBXBuildFile; fileRef = 6FD8E7D421F40D3900363438 /* Brandon_bld.otf */; };
		6FD8E7D921F411B200363438 /* Brandon_blk_it.otf in Resources */ = {isa = PBXBuildFile; fileRef = 6FD8E7CE21F40D3900363438 /* Brandon_blk_it.otf */; };
		6FD8E7DA21F411B200363438 /* Brandon_blk.otf in Resources */ = {isa = PBXBuildFile; fileRef = 6FD8E7D121F40D3900363438 /* Brandon_blk.otf */; };
		6FD8E7DB21F411B200363438 /* Brandon_light_it.otf in Resources */ = {isa = PBXBuildFile; fileRef = 6FD8E7CB21F40D3800363438 /* Brandon_light_it.otf */; };
		6FD8E7DC21F411B200363438 /* Brandon_light.otf in Resources */ = {isa = PBXBuildFile; fileRef = 6FD8E7D221F40D3900363438 /* Brandon_light.otf */; };
		6FD8E7DD21F411B200363438 /* Brandon_med_it.otf in Resources */ = {isa = PBXBuildFile; fileRef = 6FD8E7D321F40D3900363438 /* Brandon_med_it.otf */; };
		6FD8E7DE21F411B200363438 /* Brandon_med.otf in Resources */ = {isa = PBXBuildFile; fileRef = 6FD8E7CF21F40D3900363438 /* Brandon_med.otf */; };
		6FD8E7DF21F411B200363438 /* Brandon_reg_it.otf in Resources */ = {isa = PBXBuildFile; fileRef = 6FD8E7D521F40D3900363438 /* Brandon_reg_it.otf */; };
		6FD8E7E021F411B200363438 /* Brandon_reg.otf in Resources */ = {isa = PBXBuildFile; fileRef = 6FD8E7D021F40D3900363438 /* Brandon_reg.otf */; };
		6FD8E7E121F411B200363438 /* Brandon_thin_it.otf in Resources */ = {isa = PBXBuildFile; fileRef = 6FD8E7CC21F40D3800363438 /* Brandon_thin_it.otf */; };
		6FD8E7E221F411B200363438 /* Brandon_thin.otf in Resources */ = {isa = PBXBuildFile; fileRef = 6FD8E7D621F40D3900363438 /* Brandon_thin.otf */; };
		6FD8E7E521F426B000363438 /* CBLecturesContainerViewController.m in Sources */ = {isa = PBXBuildFile; fileRef = 6FD8E7E421F426B000363438 /* CBLecturesContainerViewController.m */; };
		6FD8E7F221F42C2900363438 /* CBClassCollectionViewController.m in Sources */ = {isa = PBXBuildFile; fileRef = 6FD8E7F121F42C2900363438 /* CBClassCollectionViewController.m */; };
		6FD8E7F521F42DD600363438 /* CBClassCollectionViewCell.m in Sources */ = {isa = PBXBuildFile; fileRef = 6FD8E7F421F42DD600363438 /* CBClassCollectionViewCell.m */; };
		6FD8E7F821F4389600363438 /* CBLecturesCollectionViewController.m in Sources */ = {isa = PBXBuildFile; fileRef = 6FD8E7F721F4389600363438 /* CBLecturesCollectionViewController.m */; };
		6FD8E7FB21F43BC400363438 /* CBChatbotViewController.m in Sources */ = {isa = PBXBuildFile; fileRef = 6FD8E7FA21F43BC400363438 /* CBChatbotViewController.m */; };
		6FED1A4B2219BEC800A3D375 /* MaratPro-Medium.otf in Resources */ = {isa = PBXBuildFile; fileRef = 6FED1A432219BEC700A3D375 /* MaratPro-Medium.otf */; };
		6FED1A4C2219BEC800A3D375 /* MaratPro-Bold-Italic.otf in Resources */ = {isa = PBXBuildFile; fileRef = 6FED1A442219BEC700A3D375 /* MaratPro-Bold-Italic.otf */; };
		6FED1A4D2219BEC800A3D375 /* MaratPro-Bold.otf in Resources */ = {isa = PBXBuildFile; fileRef = 6FED1A452219BEC700A3D375 /* MaratPro-Bold.otf */; };
		6FED1A4E2219BEC800A3D375 /* MaratPro-Black.otf in Resources */ = {isa = PBXBuildFile; fileRef = 6FED1A462219BEC700A3D375 /* MaratPro-Black.otf */; };
		6FED1A4F2219BEC800A3D375 /* MaratPro-Regular.otf in Resources */ = {isa = PBXBuildFile; fileRef = 6FED1A472219BEC700A3D375 /* MaratPro-Regular.otf */; };
		6FED1A502219BEC800A3D375 /* MaratPro-Medium-Italic.otf in Resources */ = {isa = PBXBuildFile; fileRef = 6FED1A482219BEC800A3D375 /* MaratPro-Medium-Italic.otf */; };
		6FED1A512219BEC800A3D375 /* MaratPro-Regular-Italic.otf in Resources */ = {isa = PBXBuildFile; fileRef = 6FED1A492219BEC800A3D375 /* MaratPro-Regular-Italic.otf */; };
		6FED1A522219BEC800A3D375 /* MaratPro-Black-Italic.otf in Resources */ = {isa = PBXBuildFile; fileRef = 6FED1A4A2219BEC800A3D375 /* MaratPro-Black-Italic.otf */; };
		6FED1A562219BF8C00A3D375 /* UIFont+Marat.swift in Sources */ = {isa = PBXBuildFile; fileRef = 6FED1A552219BF8C00A3D375 /* UIFont+Marat.swift */; };
		6FED1A582219C1D100A3D375 /* UIFont+BrandonGrotesque.swift in Sources */ = {isa = PBXBuildFile; fileRef = 6FED1A572219C1D100A3D375 /* UIFont+BrandonGrotesque.swift */; };
		6FED1A5A2219C33E00A3D375 /* RecordViewController.swift in Sources */ = {isa = PBXBuildFile; fileRef = 6FED1A592219C33E00A3D375 /* RecordViewController.swift */; };
		6FED1A5C2219C36C00A3D375 /* Record.storyboard in Resources */ = {isa = PBXBuildFile; fileRef = 6FED1A5B2219C36C00A3D375 /* Record.storyboard */; };
		6FFB845921FB42A000739F76 /* CBClassesManager.m in Sources */ = {isa = PBXBuildFile; fileRef = 6FFB845821FB42A000739F76 /* CBClassesManager.m */; };
		6FFBE22D21FEDD3F00CEFF1D /* RootViewController.swift in Sources */ = {isa = PBXBuildFile; fileRef = 6FFBE22B21FEDD3F00CEFF1D /* RootViewController.swift */; };
/* End PBXBuildFile section */

/* Begin PBXCopyFilesBuildPhase section */
		6FB1398D21F39BAD002EB966 /* Embed Frameworks */ = {
			isa = PBXCopyFilesBuildPhase;
			buildActionMask = 2147483647;
			dstPath = "";
			dstSubfolderSpec = 10;
			files = (
				6F4D1F762239B97E0068C7A2 /* MicrosoftCognitiveServicesSpeech.framework in Embed Frameworks */,
				6F4D1F69223999E00068C7A2 /* LNPopupController.framework in Embed Frameworks */,
			);
			name = "Embed Frameworks";
			runOnlyForDeploymentPostprocessing = 0;
		};
/* End PBXCopyFilesBuildPhase section */

/* Begin PBXFileReference section */
		6F05D4832233E6EC00729A21 /* Lectures.storyboard */ = {isa = PBXFileReference; lastKnownFileType = file.storyboard; path = Lectures.storyboard; sourceTree = "<group>"; };
		6F05D4852233E72800729A21 /* LecturesViewController.swift */ = {isa = PBXFileReference; lastKnownFileType = sourcecode.swift; path = LecturesViewController.swift; sourceTree = "<group>"; };
		6F05D4892233E96E00729A21 /* LectureCell.swift */ = {isa = PBXFileReference; lastKnownFileType = sourcecode.swift; path = LectureCell.swift; sourceTree = "<group>"; };
		6F05D48B2233E98200729A21 /* LectureCell.xib */ = {isa = PBXFileReference; lastKnownFileType = file.xib; path = LectureCell.xib; sourceTree = "<group>"; };
		6F05D48E2233F33500729A21 /* LectureHeader.swift */ = {isa = PBXFileReference; lastKnownFileType = sourcecode.swift; path = LectureHeader.swift; sourceTree = "<group>"; };
		6F05D48F2233F33500729A21 /* LectureHeader.xib */ = {isa = PBXFileReference; lastKnownFileType = file.xib; path = LectureHeader.xib; sourceTree = "<group>"; };
		6F05D4932233F68700729A21 /* LectureTag.swift */ = {isa = PBXFileReference; lastKnownFileType = sourcecode.swift; path = LectureTag.swift; sourceTree = "<group>"; };
		6F05D4962233F89F00729A21 /* TranscriptViewController.swift */ = {isa = PBXFileReference; lastKnownFileType = sourcecode.swift; path = TranscriptViewController.swift; sourceTree = "<group>"; };
		6F05D4982233F8A900729A21 /* Transcript.storyboard */ = {isa = PBXFileReference; lastKnownFileType = file.storyboard; path = Transcript.storyboard; sourceTree = "<group>"; };
		6F05D49C2234035A00729A21 /* TranscriptAudioPlaybackProgress.swift */ = {isa = PBXFileReference; lastKnownFileType = sourcecode.swift; path = TranscriptAudioPlaybackProgress.swift; sourceTree = "<group>"; };
		6F05D49E2234037900729A21 /* TranscriptAudioPlaybackProgress.xib */ = {isa = PBXFileReference; lastKnownFileType = file.xib; path = TranscriptAudioPlaybackProgress.xib; sourceTree = "<group>"; };
		6F05D4A12234230D00729A21 /* Button.swift */ = {isa = PBXFileReference; lastKnownFileType = sourcecode.swift; path = Button.swift; sourceTree = "<group>"; };
		6F05D4A322347E3000729A21 /* IconButton.swift */ = {isa = PBXFileReference; lastKnownFileType = sourcecode.swift; path = IconButton.swift; sourceTree = "<group>"; };
		6F05D4A62234F85800729A21 /* TranscriptFragmentView.swift */ = {isa = PBXFileReference; lastKnownFileType = sourcecode.swift; path = TranscriptFragmentView.swift; sourceTree = "<group>"; };
		6F05D4A9223501F300729A21 /* TranscriptLabel.swift */ = {isa = PBXFileReference; lastKnownFileType = sourcecode.swift; path = TranscriptLabel.swift; sourceTree = "<group>"; };
		6F05D4AD22350D5F00729A21 /* CopyableLabel.swift */ = {isa = PBXFileReference; lastKnownFileType = sourcecode.swift; path = CopyableLabel.swift; sourceTree = "<group>"; };
		6F05D4B122353E4000729A21 /* TranscriptDocument.swift */ = {isa = PBXFileReference; lastKnownFileType = sourcecode.swift; path = TranscriptDocument.swift; sourceTree = "<group>"; };
		6F05D4B32235410100729A21 /* TranscriptStore.swift */ = {isa = PBXFileReference; lastKnownFileType = sourcecode.swift; path = TranscriptStore.swift; sourceTree = "<group>"; };
		6F05D4D32235421600729A21 /* AppDelegate.swift */ = {isa = PBXFileReference; lastKnownFileType = sourcecode.swift; path = AppDelegate.swift; sourceTree = "<group>"; };
		6F05D4DC2235845500729A21 /* NSRange+UITextRange.swift */ = {isa = PBXFileReference; lastKnownFileType = sourcecode.swift; path = "NSRange+UITextRange.swift"; sourceTree = "<group>"; };
		6F05D4DF2235A0D700729A21 /* EntityViewController.swift */ = {isa = PBXFileReference; lastKnownFileType = sourcecode.swift; path = EntityViewController.swift; sourceTree = "<group>"; };
		6F05D4E12235A0E900729A21 /* Entity.storyboard */ = {isa = PBXFileReference; lastKnownFileType = file.storyboard; path = Entity.storyboard; sourceTree = "<group>"; };
		6F05D4E52235AC7600729A21 /* EntityCell.swift */ = {isa = PBXFileReference; lastKnownFileType = sourcecode.swift; path = EntityCell.swift; sourceTree = "<group>"; };
		6F05D4E82235AF6C00729A21 /* EntitiyHeader.swift */ = {isa = PBXFileReference; lastKnownFileType = sourcecode.swift; path = EntitiyHeader.swift; sourceTree = "<group>"; };
		6F05D4EA2235B14000729A21 /* EntityHeader.xib */ = {isa = PBXFileReference; lastKnownFileType = file.xib; path = EntityHeader.xib; sourceTree = "<group>"; };
		6F05D4ED2235BB4100729A21 /* ShadowImageView.swift */ = {isa = PBXFileReference; lastKnownFileType = sourcecode.swift; path = ShadowImageView.swift; sourceTree = "<group>"; };
		6F05D4F02236527800729A21 /* ADIViewController.swift */ = {isa = PBXFileReference; lastKnownFileType = sourcecode.swift; path = ADIViewController.swift; sourceTree = "<group>"; };
		6F05D4F22236528600729A21 /* ADI.storyboard */ = {isa = PBXFileReference; lastKnownFileType = file.storyboard; path = ADI.storyboard; sourceTree = "<group>"; };
		6F15506721FB647D00057F39 /* CBLectureView.h */ = {isa = PBXFileReference; lastKnownFileType = sourcecode.c.h; path = CBLectureView.h; sourceTree = "<group>"; };
		6F15506821FB647D00057F39 /* CBLectureView.m */ = {isa = PBXFileReference; lastKnownFileType = sourcecode.c.objc; path = CBLectureView.m; sourceTree = "<group>"; };
		6F15506A21FB648800057F39 /* CBLectureView.xib */ = {isa = PBXFileReference; lastKnownFileType = file.xib; path = CBLectureView.xib; sourceTree = "<group>"; };
		6F36DDD521F38782001FE943 /* CambridgeTranscribe.app */ = {isa = PBXFileReference; explicitFileType = wrapper.application; includeInIndex = 0; path = CambridgeTranscribe.app; sourceTree = BUILT_PRODUCTS_DIR; };
		6F36DDE121F38784001FE943 /* Assets.xcassets */ = {isa = PBXFileReference; lastKnownFileType = folder.assetcatalog; path = Assets.xcassets; sourceTree = "<group>"; };
		6F36DDE421F38784001FE943 /* Base */ = {isa = PBXFileReference; lastKnownFileType = file.storyboard; name = Base; path = Base.lproj/LaunchScreen.storyboard; sourceTree = "<group>"; };
		6F36DDE621F38784001FE943 /* Info.plist */ = {isa = PBXFileReference; lastKnownFileType = text.plist.xml; path = Info.plist; sourceTree = "<group>"; };
		6F4D1F48223673DB0068C7A2 /* PullOverADIViewController.swift */ = {isa = PBXFileReference; lastKnownFileType = sourcecode.swift; path = PullOverADIViewController.swift; sourceTree = "<group>"; };
		6F4D1F4C223674460068C7A2 /* PullOverViewController.swift */ = {isa = PBXFileReference; lastKnownFileType = sourcecode.swift; path = PullOverViewController.swift; sourceTree = "<group>"; };
		6F4D1F4F22368CFB0068C7A2 /* PullOverADIView.swift */ = {isa = PBXFileReference; lastKnownFileType = sourcecode.swift; path = PullOverADIView.swift; sourceTree = "<group>"; };
		6F4D1F5322368D280068C7A2 /* PullOverADIView.xib */ = {isa = PBXFileReference; lastKnownFileType = file.xib; path = PullOverADIView.xib; sourceTree = "<group>"; };
		6F4D1F572238597E0068C7A2 /* DailySummaryViewController.swift */ = {isa = PBXFileReference; lastKnownFileType = sourcecode.swift; path = DailySummaryViewController.swift; sourceTree = "<group>"; };
		6F4D1F59223859890068C7A2 /* Summary.storyboard */ = {isa = PBXFileReference; lastKnownFileType = file.storyboard; path = Summary.storyboard; sourceTree = "<group>"; };
		6F4D1F5D223863460068C7A2 /* DailySummaryCell.swift */ = {isa = PBXFileReference; lastKnownFileType = sourcecode.swift; path = DailySummaryCell.swift; sourceTree = "<group>"; };
		6F4D1F6022386EB50068C7A2 /* DailySummaryHeader.swift */ = {isa = PBXFileReference; lastKnownFileType = sourcecode.swift; path = DailySummaryHeader.swift; sourceTree = "<group>"; };
		6F4D1F6222386EC10068C7A2 /* DailySummaryHeader.xib */ = {isa = PBXFileReference; lastKnownFileType = file.xib; path = DailySummaryHeader.xib; sourceTree = "<group>"; };
		6F4D1F67223999E00068C7A2 /* LNPopupController.framework */ = {isa = PBXFileReference; explicitFileType = wrapper.framework; path = LNPopupController.framework; sourceTree = BUILT_PRODUCTS_DIR; };
		6F4D1F6A22399A0F0068C7A2 /* TranscribingPopupController.swift */ = {isa = PBXFileReference; lastKnownFileType = sourcecode.swift; path = TranscribingPopupController.swift; sourceTree = "<group>"; };
		6F4D1F6D2239A47B0068C7A2 /* TranscribingCustomBarViewController.swift */ = {isa = PBXFileReference; lastKnownFileType = sourcecode.swift; path = TranscribingCustomBarViewController.swift; sourceTree = "<group>"; };
		6F4D1F712239A4F10068C7A2 /* TranscribingCustomBarViewController.xib */ = {isa = PBXFileReference; lastKnownFileType = file.xib; path = TranscribingCustomBarViewController.xib; sourceTree = "<group>"; };
		6F4D1F732239B9760068C7A2 /* MicrosoftCognitiveServicesSpeech.framework */ = {isa = PBXFileReference; lastKnownFileType = wrapper.framework; path = MicrosoftCognitiveServicesSpeech.framework; sourceTree = "<group>"; };
		6F4D1F782239BABD0068C7A2 /* CTSpeechToText.h */ = {isa = PBXFileReference; lastKnownFileType = sourcecode.c.h; path = CTSpeechToText.h; sourceTree = "<group>"; };
		6F4D1F792239BABD0068C7A2 /* CTSpeechToText.m */ = {isa = PBXFileReference; lastKnownFileType = sourcecode.c.objc; path = CTSpeechToText.m; sourceTree = "<group>"; };
		6F93887C21FEDF91004A1C40 /* Root.storyboard */ = {isa = PBXFileReference; lastKnownFileType = file.storyboard; path = Root.storyboard; sourceTree = "<group>"; };
		6F93888121FEE22A004A1C40 /* CambridgeTranscribe-Bridging-Header.h */ = {isa = PBXFileReference; lastKnownFileType = sourcecode.c.h; path = "CambridgeTranscribe-Bridging-Header.h"; sourceTree = "<group>"; };
		6F98735A2218B0E0008E302B /* CircleView.swift */ = {isa = PBXFileReference; lastKnownFileType = sourcecode.swift; path = CircleView.swift; sourceTree = "<group>"; };
		6F9E98F52232BE1200DF7D9E /* RecordButton.swift */ = {isa = PBXFileReference; lastKnownFileType = sourcecode.swift; path = RecordButton.swift; sourceTree = "<group>"; };
		6F9E98FA2232C08900DF7D9E /* UIColor+Hex.swift */ = {isa = PBXFileReference; lastKnownFileType = sourcecode.swift; path = "UIColor+Hex.swift"; sourceTree = "<group>"; };
		6FB1C93421F48C9D004529BD /* CBLectureCollectionViewCell.h */ = {isa = PBXFileReference; lastKnownFileType = sourcecode.c.h; path = CBLectureCollectionViewCell.h; sourceTree = "<group>"; };
		6FB1C93521F48C9D004529BD /* CBLectureCollectionViewCell.m */ = {isa = PBXFileReference; lastKnownFileType = sourcecode.c.objc; path = CBLectureCollectionViewCell.m; sourceTree = "<group>"; };
		6FBB6197221B3E820073650C /* TranscribingViewController.swift */ = {isa = PBXFileReference; lastKnownFileType = sourcecode.swift; path = TranscribingViewController.swift; sourceTree = "<group>"; };
		6FBB619C221B42BA0073650C /* SCSiriWaveformView.m */ = {isa = PBXFileReference; fileEncoding = 4; lastKnownFileType = sourcecode.c.objc; path = SCSiriWaveformView.m; sourceTree = "<group>"; };
		6FBB619D221B42BA0073650C /* SCSiriWaveformView.h */ = {isa = PBXFileReference; fileEncoding = 4; lastKnownFileType = sourcecode.c.h; path = SCSiriWaveformView.h; sourceTree = "<group>"; };
		6FCC511F221962F90029AEAC /* TintImageView.swift */ = {isa = PBXFileReference; lastKnownFileType = sourcecode.swift; path = TintImageView.swift; sourceTree = "<group>"; };
		6FD8E7C421F3FE0000363438 /* CBRecordDetailViewController.h */ = {isa = PBXFileReference; lastKnownFileType = sourcecode.c.h; path = CBRecordDetailViewController.h; sourceTree = "<group>"; };
		6FD8E7C521F3FE0000363438 /* CBRecordDetailViewController.m */ = {isa = PBXFileReference; lastKnownFileType = sourcecode.c.objc; path = CBRecordDetailViewController.m; sourceTree = "<group>"; };
		6FD8E7C721F4071900363438 /* CBRecordTranscriptViewController.h */ = {isa = PBXFileReference; lastKnownFileType = sourcecode.c.h; path = CBRecordTranscriptViewController.h; sourceTree = "<group>"; };
		6FD8E7C821F4071900363438 /* CBRecordTranscriptViewController.m */ = {isa = PBXFileReference; lastKnownFileType = sourcecode.c.objc; path = CBRecordTranscriptViewController.m; sourceTree = "<group>"; };
		6FD8E7CB21F40D3800363438 /* Brandon_light_it.otf */ = {isa = PBXFileReference; lastKnownFileType = file; path = Brandon_light_it.otf; sourceTree = "<group>"; };
		6FD8E7CC21F40D3800363438 /* Brandon_thin_it.otf */ = {isa = PBXFileReference; lastKnownFileType = file; path = Brandon_thin_it.otf; sourceTree = "<group>"; };
		6FD8E7CD21F40D3800363438 /* Brandon_bld_it.otf */ = {isa = PBXFileReference; lastKnownFileType = file; path = Brandon_bld_it.otf; sourceTree = "<group>"; };
		6FD8E7CE21F40D3900363438 /* Brandon_blk_it.otf */ = {isa = PBXFileReference; lastKnownFileType = file; path = Brandon_blk_it.otf; sourceTree = "<group>"; };
		6FD8E7CF21F40D3900363438 /* Brandon_med.otf */ = {isa = PBXFileReference; lastKnownFileType = file; path = Brandon_med.otf; sourceTree = "<group>"; };
		6FD8E7D021F40D3900363438 /* Brandon_reg.otf */ = {isa = PBXFileReference; lastKnownFileType = file; path = Brandon_reg.otf; sourceTree = "<group>"; };
		6FD8E7D121F40D3900363438 /* Brandon_blk.otf */ = {isa = PBXFileReference; lastKnownFileType = file; path = Brandon_blk.otf; sourceTree = "<group>"; };
		6FD8E7D221F40D3900363438 /* Brandon_light.otf */ = {isa = PBXFileReference; lastKnownFileType = file; path = Brandon_light.otf; sourceTree = "<group>"; };
		6FD8E7D321F40D3900363438 /* Brandon_med_it.otf */ = {isa = PBXFileReference; lastKnownFileType = file; path = Brandon_med_it.otf; sourceTree = "<group>"; };
		6FD8E7D421F40D3900363438 /* Brandon_bld.otf */ = {isa = PBXFileReference; lastKnownFileType = file; path = Brandon_bld.otf; sourceTree = "<group>"; };
		6FD8E7D521F40D3900363438 /* Brandon_reg_it.otf */ = {isa = PBXFileReference; lastKnownFileType = file; path = Brandon_reg_it.otf; sourceTree = "<group>"; };
		6FD8E7D621F40D3900363438 /* Brandon_thin.otf */ = {isa = PBXFileReference; lastKnownFileType = file; path = Brandon_thin.otf; sourceTree = "<group>"; };
		6FD8E7E321F426B000363438 /* CBLecturesContainerViewController.h */ = {isa = PBXFileReference; lastKnownFileType = sourcecode.c.h; path = CBLecturesContainerViewController.h; sourceTree = "<group>"; };
		6FD8E7E421F426B000363438 /* CBLecturesContainerViewController.m */ = {isa = PBXFileReference; lastKnownFileType = sourcecode.c.objc; path = CBLecturesContainerViewController.m; sourceTree = "<group>"; };
		6FD8E7F021F42C2900363438 /* CBClassCollectionViewController.h */ = {isa = PBXFileReference; lastKnownFileType = sourcecode.c.h; path = CBClassCollectionViewController.h; sourceTree = "<group>"; };
		6FD8E7F121F42C2900363438 /* CBClassCollectionViewController.m */ = {isa = PBXFileReference; lastKnownFileType = sourcecode.c.objc; path = CBClassCollectionViewController.m; sourceTree = "<group>"; };
		6FD8E7F321F42DD600363438 /* CBClassCollectionViewCell.h */ = {isa = PBXFileReference; lastKnownFileType = sourcecode.c.h; path = CBClassCollectionViewCell.h; sourceTree = "<group>"; };
		6FD8E7F421F42DD600363438 /* CBClassCollectionViewCell.m */ = {isa = PBXFileReference; lastKnownFileType = sourcecode.c.objc; path = CBClassCollectionViewCell.m; sourceTree = "<group>"; };
		6FD8E7F621F4389600363438 /* CBLecturesCollectionViewController.h */ = {isa = PBXFileReference; lastKnownFileType = sourcecode.c.h; path = CBLecturesCollectionViewController.h; sourceTree = "<group>"; };
		6FD8E7F721F4389600363438 /* CBLecturesCollectionViewController.m */ = {isa = PBXFileReference; lastKnownFileType = sourcecode.c.objc; path = CBLecturesCollectionViewController.m; sourceTree = "<group>"; };
		6FD8E7F921F43BC400363438 /* CBChatbotViewController.h */ = {isa = PBXFileReference; lastKnownFileType = sourcecode.c.h; path = CBChatbotViewController.h; sourceTree = "<group>"; };
		6FD8E7FA21F43BC400363438 /* CBChatbotViewController.m */ = {isa = PBXFileReference; lastKnownFileType = sourcecode.c.objc; path = CBChatbotViewController.m; sourceTree = "<group>"; };
		6FED1A432219BEC700A3D375 /* MaratPro-Medium.otf */ = {isa = PBXFileReference; lastKnownFileType = file; path = "MaratPro-Medium.otf"; sourceTree = "<group>"; };
		6FED1A442219BEC700A3D375 /* MaratPro-Bold-Italic.otf */ = {isa = PBXFileReference; lastKnownFileType = file; path = "MaratPro-Bold-Italic.otf"; sourceTree = "<group>"; };
		6FED1A452219BEC700A3D375 /* MaratPro-Bold.otf */ = {isa = PBXFileReference; lastKnownFileType = file; path = "MaratPro-Bold.otf"; sourceTree = "<group>"; };
		6FED1A462219BEC700A3D375 /* MaratPro-Black.otf */ = {isa = PBXFileReference; lastKnownFileType = file; path = "MaratPro-Black.otf"; sourceTree = "<group>"; };
		6FED1A472219BEC700A3D375 /* MaratPro-Regular.otf */ = {isa = PBXFileReference; lastKnownFileType = file; path = "MaratPro-Regular.otf"; sourceTree = "<group>"; };
		6FED1A482219BEC800A3D375 /* MaratPro-Medium-Italic.otf */ = {isa = PBXFileReference; lastKnownFileType = file; path = "MaratPro-Medium-Italic.otf"; sourceTree = "<group>"; };
		6FED1A492219BEC800A3D375 /* MaratPro-Regular-Italic.otf */ = {isa = PBXFileReference; lastKnownFileType = file; path = "MaratPro-Regular-Italic.otf"; sourceTree = "<group>"; };
		6FED1A4A2219BEC800A3D375 /* MaratPro-Black-Italic.otf */ = {isa = PBXFileReference; lastKnownFileType = file; path = "MaratPro-Black-Italic.otf"; sourceTree = "<group>"; };
		6FED1A552219BF8C00A3D375 /* UIFont+Marat.swift */ = {isa = PBXFileReference; lastKnownFileType = sourcecode.swift; path = "UIFont+Marat.swift"; sourceTree = "<group>"; };
		6FED1A572219C1D100A3D375 /* UIFont+BrandonGrotesque.swift */ = {isa = PBXFileReference; lastKnownFileType = sourcecode.swift; path = "UIFont+BrandonGrotesque.swift"; sourceTree = "<group>"; };
		6FED1A592219C33E00A3D375 /* RecordViewController.swift */ = {isa = PBXFileReference; lastKnownFileType = sourcecode.swift; path = RecordViewController.swift; sourceTree = "<group>"; };
		6FED1A5B2219C36C00A3D375 /* Record.storyboard */ = {isa = PBXFileReference; lastKnownFileType = file.storyboard; path = Record.storyboard; sourceTree = "<group>"; };
		6FFB845721FB42A000739F76 /* CBClassesManager.h */ = {isa = PBXFileReference; lastKnownFileType = sourcecode.c.h; path = CBClassesManager.h; sourceTree = "<group>"; };
		6FFB845821FB42A000739F76 /* CBClassesManager.m */ = {isa = PBXFileReference; lastKnownFileType = sourcecode.c.objc; path = CBClassesManager.m; sourceTree = "<group>"; };
		6FFBE22B21FEDD3F00CEFF1D /* RootViewController.swift */ = {isa = PBXFileReference; lastKnownFileType = sourcecode.swift; path = RootViewController.swift; sourceTree = "<group>"; };
		7936189370E7CBB3485B8CD9 /* Pods_CambridgeTranscribe.framework */ = {isa = PBXFileReference; explicitFileType = wrapper.framework; includeInIndex = 0; path = Pods_CambridgeTranscribe.framework; sourceTree = BUILT_PRODUCTS_DIR; };
		DF949BC2B7001A1609FE29F8 /* Pods-CambridgeTranscribe.release.xcconfig */ = {isa = PBXFileReference; includeInIndex = 1; lastKnownFileType = text.xcconfig; name = "Pods-CambridgeTranscribe.release.xcconfig"; path = "Pods/Target Support Files/Pods-CambridgeTranscribe/Pods-CambridgeTranscribe.release.xcconfig"; sourceTree = "<group>"; };
		FBB58E6986C6F2B7A1D0C903 /* Pods-CambridgeTranscribe.debug.xcconfig */ = {isa = PBXFileReference; includeInIndex = 1; lastKnownFileType = text.xcconfig; name = "Pods-CambridgeTranscribe.debug.xcconfig"; path = "Pods/Target Support Files/Pods-CambridgeTranscribe/Pods-CambridgeTranscribe.debug.xcconfig"; sourceTree = "<group>"; };
/* End PBXFileReference section */

/* Begin PBXFrameworksBuildPhase section */
		6F36DDD221F38782001FE943 /* Frameworks */ = {
			isa = PBXFrameworksBuildPhase;
			buildActionMask = 2147483647;
			files = (
				6F4D1F752239B97E0068C7A2 /* MicrosoftCognitiveServicesSpeech.framework in Frameworks */,
				2011093029A611543B852F05 /* Pods_CambridgeTranscribe.framework in Frameworks */,
				6F4D1F742239B9760068C7A2 /* MicrosoftCognitiveServicesSpeech.framework in Frameworks */,
				6F4D1F68223999E00068C7A2 /* LNPopupController.framework in Frameworks */,
			);
			runOnlyForDeploymentPostprocessing = 0;
		};
/* End PBXFrameworksBuildPhase section */

/* Begin PBXGroup section */
		6F05D4872233E94200729A21 /* Views */ = {
			isa = PBXGroup;
			children = (
				6F05D4922233F67700729A21 /* LectureTag */,
				6F05D48D2233F31600729A21 /* LectureHeader */,
				6F05D4882233E94800729A21 /* LectureCell */,
			);
			path = Views;
			sourceTree = "<group>";
		};
		6F05D4882233E94800729A21 /* LectureCell */ = {
			isa = PBXGroup;
			children = (
				6F05D4892233E96E00729A21 /* LectureCell.swift */,
				6F05D48B2233E98200729A21 /* LectureCell.xib */,
			);
			path = LectureCell;
			sourceTree = "<group>";
		};
		6F05D48D2233F31600729A21 /* LectureHeader */ = {
			isa = PBXGroup;
			children = (
				6F05D48E2233F33500729A21 /* LectureHeader.swift */,
				6F05D48F2233F33500729A21 /* LectureHeader.xib */,
			);
			path = LectureHeader;
			sourceTree = "<group>";
		};
		6F05D4922233F67700729A21 /* LectureTag */ = {
			isa = PBXGroup;
			children = (
				6F05D4932233F68700729A21 /* LectureTag.swift */,
			);
			path = LectureTag;
			sourceTree = "<group>";
		};
		6F05D4952233F87B00729A21 /* Transcript */ = {
			isa = PBXGroup;
			children = (
				6F05D49A223402DB00729A21 /* Views */,
				6F05D4962233F89F00729A21 /* TranscriptViewController.swift */,
				6F05D4982233F8A900729A21 /* Transcript.storyboard */,
			);
			path = Transcript;
			sourceTree = "<group>";
		};
		6F05D49A223402DB00729A21 /* Views */ = {
			isa = PBXGroup;
			children = (
				6F05D4A52234F83D00729A21 /* TranscriptFragmentView */,
				6F05D49B2234032000729A21 /* TranscriptAudioPlaybackProgress */,
			);
			path = Views;
			sourceTree = "<group>";
		};
		6F05D49B2234032000729A21 /* TranscriptAudioPlaybackProgress */ = {
			isa = PBXGroup;
			children = (
				6F05D49C2234035A00729A21 /* TranscriptAudioPlaybackProgress.swift */,
				6F05D49E2234037900729A21 /* TranscriptAudioPlaybackProgress.xib */,
			);
			path = TranscriptAudioPlaybackProgress;
			sourceTree = "<group>";
		};
		6F05D4A0223422ED00729A21 /* Button */ = {
			isa = PBXGroup;
			children = (
				6F05D4A12234230D00729A21 /* Button.swift */,
				6F05D4A322347E3000729A21 /* IconButton.swift */,
			);
			path = Button;
			sourceTree = "<group>";
		};
		6F05D4A52234F83D00729A21 /* TranscriptFragmentView */ = {
			isa = PBXGroup;
			children = (
				6F05D4A62234F85800729A21 /* TranscriptFragmentView.swift */,
			);
			path = TranscriptFragmentView;
			sourceTree = "<group>";
		};
		6F05D4A8223501CE00729A21 /* TranscriptLabel */ = {
			isa = PBXGroup;
			children = (
				6F05D4A9223501F300729A21 /* TranscriptLabel.swift */,
			);
			path = TranscriptLabel;
			sourceTree = "<group>";
		};
		6F05D4AC22350D4800729A21 /* CopyableLabel */ = {
			isa = PBXGroup;
			children = (
				6F05D4AD22350D5F00729A21 /* CopyableLabel.swift */,
			);
			path = CopyableLabel;
			sourceTree = "<group>";
		};
		6F05D4DB2235844600729A21 /* Range */ = {
			isa = PBXGroup;
			children = (
				6F05D4DC2235845500729A21 /* NSRange+UITextRange.swift */,
			);
			path = Range;
			sourceTree = "<group>";
		};
		6F05D4DE2235A0A000729A21 /* Entity */ = {
			isa = PBXGroup;
			children = (
				6F05D4E32235AC5800729A21 /* Views */,
				6F05D4DF2235A0D700729A21 /* EntityViewController.swift */,
				6F05D4E12235A0E900729A21 /* Entity.storyboard */,
			);
			path = Entity;
			sourceTree = "<group>";
		};
		6F05D4E32235AC5800729A21 /* Views */ = {
			isa = PBXGroup;
			children = (
				6F05D4E72235AF5A00729A21 /* Header */,
				6F05D4E42235AC6200729A21 /* Cell */,
			);
			path = Views;
			sourceTree = "<group>";
		};
		6F05D4E42235AC6200729A21 /* Cell */ = {
			isa = PBXGroup;
			children = (
				6F05D4E52235AC7600729A21 /* EntityCell.swift */,
			);
			path = Cell;
			sourceTree = "<group>";
		};
		6F05D4E72235AF5A00729A21 /* Header */ = {
			isa = PBXGroup;
			children = (
				6F05D4E82235AF6C00729A21 /* EntitiyHeader.swift */,
				6F05D4EA2235B14000729A21 /* EntityHeader.xib */,
			);
			path = Header;
			sourceTree = "<group>";
		};
		6F05D4EC2235BB2F00729A21 /* ShadowImageView */ = {
			isa = PBXGroup;
			children = (
				6F05D4ED2235BB4100729A21 /* ShadowImageView.swift */,
			);
			path = ShadowImageView;
			sourceTree = "<group>";
		};
		6F05D4EF2236525700729A21 /* ADI */ = {
			isa = PBXGroup;
			children = (
				6F4D1F5122368D090068C7A2 /* Views */,
				6F05D4F02236527800729A21 /* ADIViewController.swift */,
				6F05D4F22236528600729A21 /* ADI.storyboard */,
				6F4D1F48223673DB0068C7A2 /* PullOverADIViewController.swift */,
			);
			path = ADI;
			sourceTree = "<group>";
		};
		6F15506621FB645B00057F39 /* Lectures */ = {
			isa = PBXGroup;
			children = (
				6F05D4872233E94200729A21 /* Views */,
				6F05D4852233E72800729A21 /* LecturesViewController.swift */,
				6F05D4832233E6EC00729A21 /* Lectures.storyboard */,
				6FD8E7E321F426B000363438 /* CBLecturesContainerViewController.h */,
				6FD8E7E421F426B000363438 /* CBLecturesContainerViewController.m */,
				6FD8E7F021F42C2900363438 /* CBClassCollectionViewController.h */,
				6FD8E7F121F42C2900363438 /* CBClassCollectionViewController.m */,
				6FD8E7F321F42DD600363438 /* CBClassCollectionViewCell.h */,
				6FD8E7F421F42DD600363438 /* CBClassCollectionViewCell.m */,
				6F15506721FB647D00057F39 /* CBLectureView.h */,
				6F15506821FB647D00057F39 /* CBLectureView.m */,
				6F15506A21FB648800057F39 /* CBLectureView.xib */,
			);
			path = Lectures;
			sourceTree = "<group>";
		};
		6F36DDCC21F38782001FE943 = {
			isa = PBXGroup;
			children = (
				6F4D1F732239B9760068C7A2 /* MicrosoftCognitiveServicesSpeech.framework */,
				6F4D1F67223999E00068C7A2 /* LNPopupController.framework */,
				6F36DDD721F38782001FE943 /* CambridgeTranscribe */,
				6F36DDD621F38782001FE943 /* Products */,
				84F4863DE67919E8314B5E73 /* Pods */,
				B645C98F992FA4035331F7E5 /* Frameworks */,
			);
			sourceTree = "<group>";
		};
		6F36DDD621F38782001FE943 /* Products */ = {
			isa = PBXGroup;
			children = (
				6F36DDD521F38782001FE943 /* CambridgeTranscribe.app */,
			);
			name = Products;
			sourceTree = "<group>";
		};
		6F36DDD721F38782001FE943 /* CambridgeTranscribe */ = {
			isa = PBXGroup;
			children = (
				6F93888021FEE201004A1C40 /* BridgingHeader */,
				6FED1A532219BF2800A3D375 /* Utility */,
				6F4D1F772239BA970068C7A2 /* API */,
				6FFB845621FB428100739F76 /* Model */,
				6FE93AB621FA66BE0016069E /* Views */,
				6FAA21BC21FDFB9300C7389F /* Controller */,
				6FD8E7F621F4389600363438 /* CBLecturesCollectionViewController.h */,
				6FD8E7F721F4389600363438 /* CBLecturesCollectionViewController.m */,
				6FD8E7F921F43BC400363438 /* CBChatbotViewController.h */,
				6FD8E7FA21F43BC400363438 /* CBChatbotViewController.m */,
				6FB1C93421F48C9D004529BD /* CBLectureCollectionViewCell.h */,
				6FB1C93521F48C9D004529BD /* CBLectureCollectionViewCell.m */,
				6F36DDE121F38784001FE943 /* Assets.xcassets */,
				6F36DDE621F38784001FE943 /* Info.plist */,
				6FD8E7CA21F40D1200363438 /* Fonts */,
				6FE93AB021FA60B20016069E /* Support */,
			);
			path = CambridgeTranscribe;
			sourceTree = "<group>";
		};
		6F4D1F4A223674270068C7A2 /* Classes */ = {
			isa = PBXGroup;
			children = (
				6F4D1F4B2236742E0068C7A2 /* PullOver */,
			);
			path = Classes;
			sourceTree = "<group>";
		};
		6F4D1F4B2236742E0068C7A2 /* PullOver */ = {
			isa = PBXGroup;
			children = (
				6F4D1F4C223674460068C7A2 /* PullOverViewController.swift */,
			);
			path = PullOver;
			sourceTree = "<group>";
		};
		6F4D1F5122368D090068C7A2 /* Views */ = {
			isa = PBXGroup;
			children = (
				6F4D1F5522369C860068C7A2 /* Processing */,
				6F4D1F5222368D130068C7A2 /* PullOver */,
			);
			path = Views;
			sourceTree = "<group>";
		};
		6F4D1F5222368D130068C7A2 /* PullOver */ = {
			isa = PBXGroup;
			children = (
				6F4D1F4F22368CFB0068C7A2 /* PullOverADIView.swift */,
				6F4D1F5322368D280068C7A2 /* PullOverADIView.xib */,
			);
			path = PullOver;
			sourceTree = "<group>";
		};
		6F4D1F5522369C860068C7A2 /* Processing */ = {
			isa = PBXGroup;
			children = (
			);
			path = Processing;
			sourceTree = "<group>";
		};
		6F4D1F56223859650068C7A2 /* Summary */ = {
			isa = PBXGroup;
			children = (
				6F4D1F5B223863200068C7A2 /* Views */,
				6F4D1F572238597E0068C7A2 /* DailySummaryViewController.swift */,
				6F4D1F59223859890068C7A2 /* Summary.storyboard */,
			);
			path = Summary;
			sourceTree = "<group>";
		};
		6F4D1F5B223863200068C7A2 /* Views */ = {
			isa = PBXGroup;
			children = (
				6F4D1F5F22386EA40068C7A2 /* Header */,
				6F4D1F5C223863290068C7A2 /* Cell */,
			);
			path = Views;
			sourceTree = "<group>";
		};
		6F4D1F5C223863290068C7A2 /* Cell */ = {
			isa = PBXGroup;
			children = (
				6F4D1F5D223863460068C7A2 /* DailySummaryCell.swift */,
			);
			path = Cell;
			sourceTree = "<group>";
		};
		6F4D1F5F22386EA40068C7A2 /* Header */ = {
			isa = PBXGroup;
			children = (
				6F4D1F6022386EB50068C7A2 /* DailySummaryHeader.swift */,
				6F4D1F6222386EC10068C7A2 /* DailySummaryHeader.xib */,
			);
			path = Header;
			sourceTree = "<group>";
		};
		6F4D1F6F2239A4870068C7A2 /* Controller */ = {
			isa = PBXGroup;
			children = (
				6F4D1F702239A4A00068C7A2 /* Transcribing */,
			);
			path = Controller;
			sourceTree = "<group>";
		};
		6F4D1F702239A4A00068C7A2 /* Transcribing */ = {
			isa = PBXGroup;
			children = (
				6FBB6197221B3E820073650C /* TranscribingViewController.swift */,
				6F4D1F6A22399A0F0068C7A2 /* TranscribingPopupController.swift */,
				6F4D1F6D2239A47B0068C7A2 /* TranscribingCustomBarViewController.swift */,
				6F4D1F712239A4F10068C7A2 /* TranscribingCustomBarViewController.xib */,
			);
			path = Transcribing;
			sourceTree = "<group>";
		};
		6F4D1F772239BA970068C7A2 /* API */ = {
			isa = PBXGroup;
			children = (
				6F4D1F7B2239D13C0068C7A2 /* SpeechToText */,
			);
			path = API;
			sourceTree = "<group>";
		};
		6F4D1F7B2239D13C0068C7A2 /* SpeechToText */ = {
			isa = PBXGroup;
			children = (
				6F4D1F782239BABD0068C7A2 /* CTSpeechToText.h */,
				6F4D1F792239BABD0068C7A2 /* CTSpeechToText.m */,
			);
			path = SpeechToText;
			sourceTree = "<group>";
		};
		6F93888021FEE201004A1C40 /* BridgingHeader */ = {
			isa = PBXGroup;
			children = (
				6F93888121FEE22A004A1C40 /* CambridgeTranscribe-Bridging-Header.h */,
			);
			path = BridgingHeader;
			sourceTree = "<group>";
		};
		6F9873592218B0CF008E302B /* CircleView */ = {
			isa = PBXGroup;
			children = (
				6F98735A2218B0E0008E302B /* CircleView.swift */,
			);
			path = CircleView;
			sourceTree = "<group>";
		};
		6F9E98F42232BDFC00DF7D9E /* RecordButton */ = {
			isa = PBXGroup;
			children = (
				6F9E98F52232BE1200DF7D9E /* RecordButton.swift */,
			);
			path = RecordButton;
			sourceTree = "<group>";
		};
		6F9E98F92232C06300DF7D9E /* Color */ = {
			isa = PBXGroup;
			children = (
				6F9E98FA2232C08900DF7D9E /* UIColor+Hex.swift */,
			);
			path = Color;
			sourceTree = "<group>";
		};
		6FAA21BA21FDFB5900C7389F /* Root */ = {
			isa = PBXGroup;
			children = (
				6FAA21BB21FDFB6F00C7389F /* Views */,
				6FFBE22B21FEDD3F00CEFF1D /* RootViewController.swift */,
				6F93887C21FEDF91004A1C40 /* Root.storyboard */,
			);
			path = Root;
			sourceTree = "<group>";
		};
		6FAA21BB21FDFB6F00C7389F /* Views */ = {
			isa = PBXGroup;
			children = (
			);
			path = Views;
			sourceTree = "<group>";
		};
		6FAA21BC21FDFB9300C7389F /* Controller */ = {
			isa = PBXGroup;
			children = (
				6F4D1F4A223674270068C7A2 /* Classes */,
				6FAA21BA21FDFB5900C7389F /* Root */,
				6F05D4EF2236525700729A21 /* ADI */,
				6FE93AAF21FA60970016069E /* Record */,
				6F15506621FB645B00057F39 /* Lectures */,
				6F05D4952233F87B00729A21 /* Transcript */,
				6F05D4DE2235A0A000729A21 /* Entity */,
				6F4D1F56223859650068C7A2 /* Summary */,
			);
			path = Controller;
			sourceTree = "<group>";
		};
		6FBB619B221B42AC0073650C /* SCSiriWaveformView */ = {
			isa = PBXGroup;
			children = (
				6FBB619D221B42BA0073650C /* SCSiriWaveformView.h */,
				6FBB619C221B42BA0073650C /* SCSiriWaveformView.m */,
			);
			path = SCSiriWaveformView;
			sourceTree = "<group>";
		};
		6FCC511E221962E20029AEAC /* TintImageView */ = {
			isa = PBXGroup;
			children = (
				6FCC511F221962F90029AEAC /* TintImageView.swift */,
			);
			path = TintImageView;
			sourceTree = "<group>";
		};
		6FD8E7CA21F40D1200363438 /* Fonts */ = {
			isa = PBXGroup;
			children = (
				6FD8E7CD21F40D3800363438 /* Brandon_bld_it.otf */,
				6FD8E7D421F40D3900363438 /* Brandon_bld.otf */,
				6FD8E7CE21F40D3900363438 /* Brandon_blk_it.otf */,
				6FD8E7D121F40D3900363438 /* Brandon_blk.otf */,
				6FD8E7CB21F40D3800363438 /* Brandon_light_it.otf */,
				6FD8E7D221F40D3900363438 /* Brandon_light.otf */,
				6FD8E7D321F40D3900363438 /* Brandon_med_it.otf */,
				6FD8E7CF21F40D3900363438 /* Brandon_med.otf */,
				6FD8E7D521F40D3900363438 /* Brandon_reg_it.otf */,
				6FD8E7D021F40D3900363438 /* Brandon_reg.otf */,
				6FD8E7CC21F40D3800363438 /* Brandon_thin_it.otf */,
				6FD8E7D621F40D3900363438 /* Brandon_thin.otf */,
				6FED1A4A2219BEC800A3D375 /* MaratPro-Black-Italic.otf */,
				6FED1A462219BEC700A3D375 /* MaratPro-Black.otf */,
				6FED1A442219BEC700A3D375 /* MaratPro-Bold-Italic.otf */,
				6FED1A452219BEC700A3D375 /* MaratPro-Bold.otf */,
				6FED1A482219BEC800A3D375 /* MaratPro-Medium-Italic.otf */,
				6FED1A432219BEC700A3D375 /* MaratPro-Medium.otf */,
				6FED1A492219BEC800A3D375 /* MaratPro-Regular-Italic.otf */,
				6FED1A472219BEC700A3D375 /* MaratPro-Regular.otf */,
			);
			path = Fonts;
			sourceTree = "<group>";
		};
		6FE5573521FAFFE100669EE9 /* Views */ = {
			isa = PBXGroup;
			children = (
				6F9E98F42232BDFC00DF7D9E /* RecordButton */,
			);
			path = Views;
			sourceTree = "<group>";
		};
		6FE93AAF21FA60970016069E /* Record */ = {
			isa = PBXGroup;
			children = (
				6F4D1F6F2239A4870068C7A2 /* Controller */,
				6FE5573521FAFFE100669EE9 /* Views */,
				6FED1A592219C33E00A3D375 /* RecordViewController.swift */,
				6FED1A5B2219C36C00A3D375 /* Record.storyboard */,
				6FD8E7C421F3FE0000363438 /* CBRecordDetailViewController.h */,
				6FD8E7C521F3FE0000363438 /* CBRecordDetailViewController.m */,
				6FD8E7C721F4071900363438 /* CBRecordTranscriptViewController.h */,
				6FD8E7C821F4071900363438 /* CBRecordTranscriptViewController.m */,
			);
			path = Record;
			sourceTree = "<group>";
		};
		6FE93AB021FA60B20016069E /* Support */ = {
			isa = PBXGroup;
			children = (
				6F36DDE321F38784001FE943 /* LaunchScreen.storyboard */,
				6F05D4D32235421600729A21 /* AppDelegate.swift */,
			);
			path = Support;
			sourceTree = "<group>";
		};
		6FE93AB621FA66BE0016069E /* Views */ = {
			isa = PBXGroup;
			children = (
				6F05D4EC2235BB2F00729A21 /* ShadowImageView */,
				6F05D4AC22350D4800729A21 /* CopyableLabel */,
				6F05D4A8223501CE00729A21 /* TranscriptLabel */,
				6F05D4A0223422ED00729A21 /* Button */,
				6FBB619B221B42AC0073650C /* SCSiriWaveformView */,
				6FCC511E221962E20029AEAC /* TintImageView */,
				6F9873592218B0CF008E302B /* CircleView */,
			);
			path = Views;
			sourceTree = "<group>";
		};
		6FED1A532219BF2800A3D375 /* Utility */ = {
			isa = PBXGroup;
			children = (
				6F05D4DB2235844600729A21 /* Range */,
				6F9E98F92232C06300DF7D9E /* Color */,
				6FED1A542219BF2F00A3D375 /* Font */,
			);
			path = Utility;
			sourceTree = "<group>";
		};
		6FED1A542219BF2F00A3D375 /* Font */ = {
			isa = PBXGroup;
			children = (
				6FED1A552219BF8C00A3D375 /* UIFont+Marat.swift */,
				6FED1A572219C1D100A3D375 /* UIFont+BrandonGrotesque.swift */,
			);
			path = Font;
			sourceTree = "<group>";
		};
		6FFB845621FB428100739F76 /* Model */ = {
			isa = PBXGroup;
			children = (
				6FFB845721FB42A000739F76 /* CBClassesManager.h */,
				6FFB845821FB42A000739F76 /* CBClassesManager.m */,
				6F05D4B122353E4000729A21 /* TranscriptDocument.swift */,
				6F05D4B32235410100729A21 /* TranscriptStore.swift */,
			);
			path = Model;
			sourceTree = "<group>";
		};
		84F4863DE67919E8314B5E73 /* Pods */ = {
			isa = PBXGroup;
			children = (
				FBB58E6986C6F2B7A1D0C903 /* Pods-CambridgeTranscribe.debug.xcconfig */,
				DF949BC2B7001A1609FE29F8 /* Pods-CambridgeTranscribe.release.xcconfig */,
			);
			name = Pods;
			sourceTree = "<group>";
		};
		B645C98F992FA4035331F7E5 /* Frameworks */ = {
			isa = PBXGroup;
			children = (
				7936189370E7CBB3485B8CD9 /* Pods_CambridgeTranscribe.framework */,
			);
			name = Frameworks;
			sourceTree = "<group>";
		};
/* End PBXGroup section */

/* Begin PBXNativeTarget section */
		6F36DDD421F38782001FE943 /* CambridgeTranscribe */ = {
			isa = PBXNativeTarget;
			buildConfigurationList = 6F36DDEB21F38784001FE943 /* Build configuration list for PBXNativeTarget "CambridgeTranscribe" */;
			buildPhases = (
				C436E7999FA14D62637F3B36 /* [CP] Check Pods Manifest.lock */,
				6F36DDD121F38782001FE943 /* Sources */,
				6F36DDD221F38782001FE943 /* Frameworks */,
				6F36DDD321F38782001FE943 /* Resources */,
				28985E351C4EDBF0A250C9D3 /* [CP] Embed Pods Frameworks */,
				6FB1398D21F39BAD002EB966 /* Embed Frameworks */,
			);
			buildRules = (
			);
			dependencies = (
			);
			name = CambridgeTranscribe;
			productName = CambridgeTranscribe;
			productReference = 6F36DDD521F38782001FE943 /* CambridgeTranscribe.app */;
			productType = "com.apple.product-type.application";
		};
/* End PBXNativeTarget section */

/* Begin PBXProject section */
		6F36DDCD21F38782001FE943 /* Project object */ = {
			isa = PBXProject;
			attributes = {
				LastUpgradeCheck = 1010;
				ORGANIZATIONNAME = "Viet Duc Nguyen";
				TargetAttributes = {
					6F36DDD421F38782001FE943 = {
						CreatedOnToolsVersion = 10.1;
						LastSwiftMigration = 1010;
					};
				};
			};
			buildConfigurationList = 6F36DDD021F38782001FE943 /* Build configuration list for PBXProject "CambridgeTranscribe" */;
			compatibilityVersion = "Xcode 9.3";
			developmentRegion = en;
			hasScannedForEncodings = 0;
			knownRegions = (
				en,
				Base,
			);
			mainGroup = 6F36DDCC21F38782001FE943;
			productRefGroup = 6F36DDD621F38782001FE943 /* Products */;
			projectDirPath = "";
			projectRoot = "";
			targets = (
				6F36DDD421F38782001FE943 /* CambridgeTranscribe */,
			);
		};
/* End PBXProject section */

/* Begin PBXResourcesBuildPhase section */
		6F36DDD321F38782001FE943 /* Resources */ = {
			isa = PBXResourcesBuildPhase;
			buildActionMask = 2147483647;
			files = (
				6FED1A4B2219BEC800A3D375 /* MaratPro-Medium.otf in Resources */,
				6F4D1F6322386EC10068C7A2 /* DailySummaryHeader.xib in Resources */,
				6FED1A522219BEC800A3D375 /* MaratPro-Black-Italic.otf in Resources */,
				6FED1A4E2219BEC800A3D375 /* MaratPro-Black.otf in Resources */,
				6FED1A512219BEC800A3D375 /* MaratPro-Regular-Italic.otf in Resources */,
				6FED1A4D2219BEC800A3D375 /* MaratPro-Bold.otf in Resources */,
				6F05D4912233F33500729A21 /* LectureHeader.xib in Resources */,
				6F4D1F5422368D280068C7A2 /* PullOverADIView.xib in Resources */,
				6F93887D21FEDF91004A1C40 /* Root.storyboard in Resources */,
				6F05D4EB2235B14000729A21 /* EntityHeader.xib in Resources */,
				6F4D1F722239A4F10068C7A2 /* TranscribingCustomBarViewController.xib in Resources */,
				6F05D49F2234037900729A21 /* TranscriptAudioPlaybackProgress.xib in Resources */,
				6FD8E7E221F411B200363438 /* Brandon_thin.otf in Resources */,
				6F05D4F32236528600729A21 /* ADI.storyboard in Resources */,
				6FED1A4F2219BEC800A3D375 /* MaratPro-Regular.otf in Resources */,
				6F05D4992233F8A900729A21 /* Transcript.storyboard in Resources */,
				6F36DDE521F38784001FE943 /* LaunchScreen.storyboard in Resources */,
				6FED1A5C2219C36C00A3D375 /* Record.storyboard in Resources */,
				6F05D48C2233E98200729A21 /* LectureCell.xib in Resources */,
				6FED1A502219BEC800A3D375 /* MaratPro-Medium-Italic.otf in Resources */,
				6F15506B21FB648800057F39 /* CBLectureView.xib in Resources */,
				6F4D1F5A223859890068C7A2 /* Summary.storyboard in Resources */,
				6FED1A4C2219BEC800A3D375 /* MaratPro-Bold-Italic.otf in Resources */,
				6F36DDE221F38784001FE943 /* Assets.xcassets in Resources */,
				6FD8E7DF21F411B200363438 /* Brandon_reg_it.otf in Resources */,
				6F05D4842233E6EC00729A21 /* Lectures.storyboard in Resources */,
				6FD8E7DB21F411B200363438 /* Brandon_light_it.otf in Resources */,
				6FD8E7DA21F411B200363438 /* Brandon_blk.otf in Resources */,
				6FD8E7E021F411B200363438 /* Brandon_reg.otf in Resources */,
				6FD8E7E121F411B200363438 /* Brandon_thin_it.otf in Resources */,
				6FD8E7DC21F411B200363438 /* Brandon_light.otf in Resources */,
				6FD8E7D821F411B200363438 /* Brandon_bld.otf in Resources */,
				6FD8E7DD21F411B200363438 /* Brandon_med_it.otf in Resources */,
				6FD8E7D921F411B200363438 /* Brandon_blk_it.otf in Resources */,
				6FD8E7D721F411B200363438 /* Brandon_bld_it.otf in Resources */,
				6FD8E7DE21F411B200363438 /* Brandon_med.otf in Resources */,
				6F05D4E22235A0E900729A21 /* Entity.storyboard in Resources */,
			);
			runOnlyForDeploymentPostprocessing = 0;
		};
/* End PBXResourcesBuildPhase section */

/* Begin PBXShellScriptBuildPhase section */
		28985E351C4EDBF0A250C9D3 /* [CP] Embed Pods Frameworks */ = {
			isa = PBXShellScriptBuildPhase;
			buildActionMask = 2147483647;
			files = (
			);
			inputPaths = (
				"${PODS_ROOT}/Target Support Files/Pods-CambridgeTranscribe/Pods-CambridgeTranscribe-frameworks.sh",
				"${BUILT_PRODUCTS_DIR}/AFNetworking/AFNetworking.framework",
				"${BUILT_PRODUCTS_DIR}/ActionSheetPicker-3.0/ActionSheetPicker_3_0.framework",
				"${BUILT_PRODUCTS_DIR}/ApiAI/ApiAI.framework",
				"${BUILT_PRODUCTS_DIR}/CHIPageControl/CHIPageControl.framework",
				"${BUILT_PRODUCTS_DIR}/FCAlertView/FCAlertView.framework",
				"${BUILT_PRODUCTS_DIR}/FFPopup/FFPopup.framework",
				"${BUILT_PRODUCTS_DIR}/GSKStretchyHeaderView/GSKStretchyHeaderView.framework",
				"${BUILT_PRODUCTS_DIR}/MZTimerLabel/MZTimerLabel.framework",
				"${BUILT_PRODUCTS_DIR}/Motion/Motion.framework",
				"${BUILT_PRODUCTS_DIR}/NSDate+TimeAgo/NSDate_TimeAgo.framework",
				"${BUILT_PRODUCTS_DIR}/NVActivityIndicatorView/NVActivityIndicatorView.framework",
				"${BUILT_PRODUCTS_DIR}/PXSiriWave/PXSiriWave.framework",
				"${BUILT_PRODUCTS_DIR}/TOMSMorphingLabel/TOMSMorphingLabel.framework",
				"${BUILT_PRODUCTS_DIR}/UserDefaultsStore/UserDefaultsStore.framework",
			);
			name = "[CP] Embed Pods Frameworks";
			outputPaths = (
				"${TARGET_BUILD_DIR}/${FRAMEWORKS_FOLDER_PATH}/AFNetworking.framework",
				"${TARGET_BUILD_DIR}/${FRAMEWORKS_FOLDER_PATH}/ActionSheetPicker_3_0.framework",
				"${TARGET_BUILD_DIR}/${FRAMEWORKS_FOLDER_PATH}/ApiAI.framework",
				"${TARGET_BUILD_DIR}/${FRAMEWORKS_FOLDER_PATH}/CHIPageControl.framework",
				"${TARGET_BUILD_DIR}/${FRAMEWORKS_FOLDER_PATH}/FCAlertView.framework",
				"${TARGET_BUILD_DIR}/${FRAMEWORKS_FOLDER_PATH}/FFPopup.framework",
				"${TARGET_BUILD_DIR}/${FRAMEWORKS_FOLDER_PATH}/GSKStretchyHeaderView.framework",
				"${TARGET_BUILD_DIR}/${FRAMEWORKS_FOLDER_PATH}/MZTimerLabel.framework",
				"${TARGET_BUILD_DIR}/${FRAMEWORKS_FOLDER_PATH}/Motion.framework",
				"${TARGET_BUILD_DIR}/${FRAMEWORKS_FOLDER_PATH}/NSDate_TimeAgo.framework",
				"${TARGET_BUILD_DIR}/${FRAMEWORKS_FOLDER_PATH}/NVActivityIndicatorView.framework",
				"${TARGET_BUILD_DIR}/${FRAMEWORKS_FOLDER_PATH}/PXSiriWave.framework",
				"${TARGET_BUILD_DIR}/${FRAMEWORKS_FOLDER_PATH}/TOMSMorphingLabel.framework",
				"${TARGET_BUILD_DIR}/${FRAMEWORKS_FOLDER_PATH}/UserDefaultsStore.framework",
			);
			runOnlyForDeploymentPostprocessing = 0;
			shellPath = /bin/sh;
			shellScript = "\"${PODS_ROOT}/Target Support Files/Pods-CambridgeTranscribe/Pods-CambridgeTranscribe-frameworks.sh\"\n";
			showEnvVarsInLog = 0;
		};
		C436E7999FA14D62637F3B36 /* [CP] Check Pods Manifest.lock */ = {
			isa = PBXShellScriptBuildPhase;
			buildActionMask = 2147483647;
			files = (
			);
			inputPaths = (
				"${PODS_PODFILE_DIR_PATH}/Podfile.lock",
				"${PODS_ROOT}/Manifest.lock",
			);
			name = "[CP] Check Pods Manifest.lock";
			outputPaths = (
				"$(DERIVED_FILE_DIR)/Pods-CambridgeTranscribe-checkManifestLockResult.txt",
			);
			runOnlyForDeploymentPostprocessing = 0;
			shellPath = /bin/sh;
			shellScript = "diff \"${PODS_PODFILE_DIR_PATH}/Podfile.lock\" \"${PODS_ROOT}/Manifest.lock\" > /dev/null\nif [ $? != 0 ] ; then\n    # print error to STDERR\n    echo \"error: The sandbox is not in sync with the Podfile.lock. Run 'pod install' or update your CocoaPods installation.\" >&2\n    exit 1\nfi\n# This output is used by Xcode 'outputs' to avoid re-running this script phase.\necho \"SUCCESS\" > \"${SCRIPT_OUTPUT_FILE_0}\"\n";
			showEnvVarsInLog = 0;
		};
/* End PBXShellScriptBuildPhase section */

/* Begin PBXSourcesBuildPhase section */
		6F36DDD121F38782001FE943 /* Sources */ = {
			isa = PBXSourcesBuildPhase;
			buildActionMask = 2147483647;
			files = (
				6F05D4EE2235BB4100729A21 /* ShadowImageView.swift in Sources */,
				6F05D4862233E72800729A21 /* LecturesViewController.swift in Sources */,
				6F9E98FB2232C08900DF7D9E /* UIColor+Hex.swift in Sources */,
				6F05D4AE22350D5F00729A21 /* CopyableLabel.swift in Sources */,
				6F15506921FB647D00057F39 /* CBLectureView.m in Sources */,
				6F05D4E62235AC7600729A21 /* EntityCell.swift in Sources */,
				6FD8E7FB21F43BC400363438 /* CBChatbotViewController.m in Sources */,
				6F4D1F5022368CFB0068C7A2 /* PullOverADIView.swift in Sources */,
				6F4D1F6B22399A0F0068C7A2 /* TranscribingPopupController.swift in Sources */,
				6FBB6198221B3E820073650C /* TranscribingViewController.swift in Sources */,
				6FED1A582219C1D100A3D375 /* UIFont+BrandonGrotesque.swift in Sources */,
				6F4D1F582238597E0068C7A2 /* DailySummaryViewController.swift in Sources */,
				6FD8E7C921F4071900363438 /* CBRecordTranscriptViewController.m in Sources */,
				6F05D49D2234035A00729A21 /* TranscriptAudioPlaybackProgress.swift in Sources */,
				6F05D4972233F89F00729A21 /* TranscriptViewController.swift in Sources */,
				6FD8E7E521F426B000363438 /* CBLecturesContainerViewController.m in Sources */,
				6F05D4A22234230D00729A21 /* Button.swift in Sources */,
				6FBB619E221B42BA0073650C /* SCSiriWaveformView.m in Sources */,
				6F05D4F12236527800729A21 /* ADIViewController.swift in Sources */,
				6F05D4DD2235845500729A21 /* NSRange+UITextRange.swift in Sources */,
				6FD8E7F521F42DD600363438 /* CBClassCollectionViewCell.m in Sources */,
				6FD8E7C621F3FE0000363438 /* CBRecordDetailViewController.m in Sources */,
				6FCC5120221962F90029AEAC /* TintImageView.swift in Sources */,
				6F05D4E02235A0D700729A21 /* EntityViewController.swift in Sources */,
				6F4D1F5E223863460068C7A2 /* DailySummaryCell.swift in Sources */,
				6F4D1F4D223674460068C7A2 /* PullOverViewController.swift in Sources */,
				6F05D4A422347E3000729A21 /* IconButton.swift in Sources */,
				6F05D4D42235421600729A21 /* AppDelegate.swift in Sources */,
				6F05D4E92235AF6C00729A21 /* EntitiyHeader.swift in Sources */,
				6F4D1F7A2239BABD0068C7A2 /* CTSpeechToText.m in Sources */,
				6F05D4902233F33500729A21 /* LectureHeader.swift in Sources */,
				6FED1A562219BF8C00A3D375 /* UIFont+Marat.swift in Sources */,
				6F05D4B42235410100729A21 /* TranscriptStore.swift in Sources */,
				6F9E98F62232BE1200DF7D9E /* RecordButton.swift in Sources */,
				6F4D1F49223673DB0068C7A2 /* PullOverADIViewController.swift in Sources */,
				6F4D1F6122386EB50068C7A2 /* DailySummaryHeader.swift in Sources */,
				6FFB845921FB42A000739F76 /* CBClassesManager.m in Sources */,
				6F05D4B222353E4000729A21 /* TranscriptDocument.swift in Sources */,
				6F05D4942233F68700729A21 /* LectureTag.swift in Sources */,
				6FED1A5A2219C33E00A3D375 /* RecordViewController.swift in Sources */,
				6F05D48A2233E96E00729A21 /* LectureCell.swift in Sources */,
				6FB1C93621F48C9E004529BD /* CBLectureCollectionViewCell.m in Sources */,
				6F4D1F6E2239A47B0068C7A2 /* TranscribingCustomBarViewController.swift in Sources */,
				6FD8E7F221F42C2900363438 /* CBClassCollectionViewController.m in Sources */,
				6F05D4AA223501F300729A21 /* TranscriptLabel.swift in Sources */,
				6F98735B2218B0E0008E302B /* CircleView.swift in Sources */,
				6FFBE22D21FEDD3F00CEFF1D /* RootViewController.swift in Sources */,
				6F05D4A72234F85800729A21 /* TranscriptFragmentView.swift in Sources */,
				6FD8E7F821F4389600363438 /* CBLecturesCollectionViewController.m in Sources */,
			);
			runOnlyForDeploymentPostprocessing = 0;
		};
/* End PBXSourcesBuildPhase section */

/* Begin PBXVariantGroup section */
		6F36DDE321F38784001FE943 /* LaunchScreen.storyboard */ = {
			isa = PBXVariantGroup;
			children = (
				6F36DDE421F38784001FE943 /* Base */,
			);
			name = LaunchScreen.storyboard;
			sourceTree = "<group>";
		};
/* End PBXVariantGroup section */

/* Begin XCBuildConfiguration section */
		6F36DDE921F38784001FE943 /* Debug */ = {
			isa = XCBuildConfiguration;
			buildSettings = {
				ALWAYS_SEARCH_USER_PATHS = NO;
				CLANG_ANALYZER_NONNULL = YES;
				CLANG_ANALYZER_NUMBER_OBJECT_CONVERSION = YES_AGGRESSIVE;
				CLANG_CXX_LANGUAGE_STANDARD = "gnu++14";
				CLANG_CXX_LIBRARY = "libc++";
				CLANG_ENABLE_MODULES = YES;
				CLANG_ENABLE_OBJC_ARC = YES;
				CLANG_ENABLE_OBJC_WEAK = YES;
				CLANG_WARN_BLOCK_CAPTURE_AUTORELEASING = YES;
				CLANG_WARN_BOOL_CONVERSION = YES;
				CLANG_WARN_COMMA = YES;
				CLANG_WARN_CONSTANT_CONVERSION = YES;
				CLANG_WARN_DEPRECATED_OBJC_IMPLEMENTATIONS = YES;
				CLANG_WARN_DIRECT_OBJC_ISA_USAGE = YES_ERROR;
				CLANG_WARN_DOCUMENTATION_COMMENTS = YES;
				CLANG_WARN_EMPTY_BODY = YES;
				CLANG_WARN_ENUM_CONVERSION = YES;
				CLANG_WARN_INFINITE_RECURSION = YES;
				CLANG_WARN_INT_CONVERSION = YES;
				CLANG_WARN_NON_LITERAL_NULL_CONVERSION = YES;
				CLANG_WARN_OBJC_IMPLICIT_RETAIN_SELF = YES;
				CLANG_WARN_OBJC_LITERAL_CONVERSION = YES;
				CLANG_WARN_OBJC_ROOT_CLASS = YES_ERROR;
				CLANG_WARN_RANGE_LOOP_ANALYSIS = YES;
				CLANG_WARN_STRICT_PROTOTYPES = YES;
				CLANG_WARN_SUSPICIOUS_MOVE = YES;
				CLANG_WARN_UNGUARDED_AVAILABILITY = YES_AGGRESSIVE;
				CLANG_WARN_UNREACHABLE_CODE = YES;
				CLANG_WARN__DUPLICATE_METHOD_MATCH = YES;
				CODE_SIGN_IDENTITY = "iPhone Developer";
				COPY_PHASE_STRIP = NO;
				DEBUG_INFORMATION_FORMAT = dwarf;
				ENABLE_STRICT_OBJC_MSGSEND = YES;
				ENABLE_TESTABILITY = YES;
				GCC_C_LANGUAGE_STANDARD = gnu11;
				GCC_DYNAMIC_NO_PIC = NO;
				GCC_NO_COMMON_BLOCKS = YES;
				GCC_OPTIMIZATION_LEVEL = 0;
				GCC_PREPROCESSOR_DEFINITIONS = (
					"DEBUG=1",
					"$(inherited)",
				);
				GCC_WARN_64_TO_32_BIT_CONVERSION = YES;
				GCC_WARN_ABOUT_RETURN_TYPE = YES_ERROR;
				GCC_WARN_UNDECLARED_SELECTOR = YES;
				GCC_WARN_UNINITIALIZED_AUTOS = YES_AGGRESSIVE;
				GCC_WARN_UNUSED_FUNCTION = YES;
				GCC_WARN_UNUSED_VARIABLE = YES;
				IPHONEOS_DEPLOYMENT_TARGET = 12.1;
				MTL_ENABLE_DEBUG_INFO = INCLUDE_SOURCE;
				MTL_FAST_MATH = YES;
				ONLY_ACTIVE_ARCH = YES;
				SDKROOT = iphoneos;
			};
			name = Debug;
		};
		6F36DDEA21F38784001FE943 /* Release */ = {
			isa = XCBuildConfiguration;
			buildSettings = {
				ALWAYS_SEARCH_USER_PATHS = NO;
				CLANG_ANALYZER_NONNULL = YES;
				CLANG_ANALYZER_NUMBER_OBJECT_CONVERSION = YES_AGGRESSIVE;
				CLANG_CXX_LANGUAGE_STANDARD = "gnu++14";
				CLANG_CXX_LIBRARY = "libc++";
				CLANG_ENABLE_MODULES = YES;
				CLANG_ENABLE_OBJC_ARC = YES;
				CLANG_ENABLE_OBJC_WEAK = YES;
				CLANG_WARN_BLOCK_CAPTURE_AUTORELEASING = YES;
				CLANG_WARN_BOOL_CONVERSION = YES;
				CLANG_WARN_COMMA = YES;
				CLANG_WARN_CONSTANT_CONVERSION = YES;
				CLANG_WARN_DEPRECATED_OBJC_IMPLEMENTATIONS = YES;
				CLANG_WARN_DIRECT_OBJC_ISA_USAGE = YES_ERROR;
				CLANG_WARN_DOCUMENTATION_COMMENTS = YES;
				CLANG_WARN_EMPTY_BODY = YES;
				CLANG_WARN_ENUM_CONVERSION = YES;
				CLANG_WARN_INFINITE_RECURSION = YES;
				CLANG_WARN_INT_CONVERSION = YES;
				CLANG_WARN_NON_LITERAL_NULL_CONVERSION = YES;
				CLANG_WARN_OBJC_IMPLICIT_RETAIN_SELF = YES;
				CLANG_WARN_OBJC_LITERAL_CONVERSION = YES;
				CLANG_WARN_OBJC_ROOT_CLASS = YES_ERROR;
				CLANG_WARN_RANGE_LOOP_ANALYSIS = YES;
				CLANG_WARN_STRICT_PROTOTYPES = YES;
				CLANG_WARN_SUSPICIOUS_MOVE = YES;
				CLANG_WARN_UNGUARDED_AVAILABILITY = YES_AGGRESSIVE;
				CLANG_WARN_UNREACHABLE_CODE = YES;
				CLANG_WARN__DUPLICATE_METHOD_MATCH = YES;
				CODE_SIGN_IDENTITY = "iPhone Developer";
				COPY_PHASE_STRIP = NO;
				DEBUG_INFORMATION_FORMAT = "dwarf-with-dsym";
				ENABLE_NS_ASSERTIONS = NO;
				ENABLE_STRICT_OBJC_MSGSEND = YES;
				GCC_C_LANGUAGE_STANDARD = gnu11;
				GCC_NO_COMMON_BLOCKS = YES;
				GCC_WARN_64_TO_32_BIT_CONVERSION = YES;
				GCC_WARN_ABOUT_RETURN_TYPE = YES_ERROR;
				GCC_WARN_UNDECLARED_SELECTOR = YES;
				GCC_WARN_UNINITIALIZED_AUTOS = YES_AGGRESSIVE;
				GCC_WARN_UNUSED_FUNCTION = YES;
				GCC_WARN_UNUSED_VARIABLE = YES;
				IPHONEOS_DEPLOYMENT_TARGET = 12.1;
				MTL_ENABLE_DEBUG_INFO = NO;
				MTL_FAST_MATH = YES;
				SDKROOT = iphoneos;
				SWIFT_COMPILATION_MODE = wholemodule;
				VALIDATE_PRODUCT = YES;
			};
			name = Release;
		};
		6F36DDEC21F38784001FE943 /* Debug */ = {
			isa = XCBuildConfiguration;
			baseConfigurationReference = FBB58E6986C6F2B7A1D0C903 /* Pods-CambridgeTranscribe.debug.xcconfig */;
			buildSettings = {
				ASSETCATALOG_COMPILER_APPICON_NAME = AppIcon;
				CLANG_ENABLE_MODULES = YES;
				CODE_SIGN_STYLE = Automatic;
				DEFINES_MODULE = YES;
				DEVELOPMENT_TEAM = A4HGRGXTC4;
				FRAMEWORK_SEARCH_PATHS = (
					"$(inherited)",
					"$(PROJECT_DIR)",
				);
				INFOPLIST_FILE = CambridgeTranscribe/Info.plist;
				IPHONEOS_DEPLOYMENT_TARGET = 11.0;
				LD_RUNPATH_SEARCH_PATHS = (
					"$(inherited)",
					"@executable_path/Frameworks",
				);
				PRODUCT_BUNDLE_IDENTIFIER = "vdn.tu-berlin.CambridgeTranscribe";
				PRODUCT_NAME = "$(TARGET_NAME)";
				SWIFT_OBJC_BRIDGING_HEADER = "CambridgeTranscribe/BridgingHeader/CambridgeTranscribe-Bridging-Header.h";
				SWIFT_OPTIMIZATION_LEVEL = "-Onone";
				SWIFT_VERSION = 4.2;
				TARGETED_DEVICE_FAMILY = 1;
				USER_HEADER_SEARCH_PATHS = "${PROJECT_DIR}";
			};
			name = Debug;
		};
		6F36DDED21F38784001FE943 /* Release */ = {
			isa = XCBuildConfiguration;
			baseConfigurationReference = DF949BC2B7001A1609FE29F8 /* Pods-CambridgeTranscribe.release.xcconfig */;
			buildSettings = {
				ASSETCATALOG_COMPILER_APPICON_NAME = AppIcon;
				CLANG_ENABLE_MODULES = YES;
				CODE_SIGN_STYLE = Automatic;
				DEFINES_MODULE = YES;
				DEVELOPMENT_TEAM = A4HGRGXTC4;
				FRAMEWORK_SEARCH_PATHS = (
					"$(inherited)",
					"$(PROJECT_DIR)",
				);
				INFOPLIST_FILE = CambridgeTranscribe/Info.plist;
				IPHONEOS_DEPLOYMENT_TARGET = 11.0;
				LD_RUNPATH_SEARCH_PATHS = (
					"$(inherited)",
					"@executable_path/Frameworks",
				);
				PRODUCT_BUNDLE_IDENTIFIER = "vdn.tu-berlin.CambridgeTranscribe";
				PRODUCT_NAME = "$(TARGET_NAME)";
				SWIFT_OBJC_BRIDGING_HEADER = "CambridgeTranscribe/BridgingHeader/CambridgeTranscribe-Bridging-Header.h";
				SWIFT_VERSION = 4.2;
				TARGETED_DEVICE_FAMILY = 1;
				USER_HEADER_SEARCH_PATHS = "${PROJECT_DIR}";
			};
			name = Release;
		};
/* End XCBuildConfiguration section */

/* Begin XCConfigurationList section */
		6F36DDD021F38782001FE943 /* Build configuration list for PBXProject "CambridgeTranscribe" */ = {
			isa = XCConfigurationList;
			buildConfigurations = (
				6F36DDE921F38784001FE943 /* Debug */,
				6F36DDEA21F38784001FE943 /* Release */,
			);
			defaultConfigurationIsVisible = 0;
			defaultConfigurationName = Release;
		};
		6F36DDEB21F38784001FE943 /* Build configuration list for PBXNativeTarget "CambridgeTranscribe" */ = {
			isa = XCConfigurationList;
			buildConfigurations = (
				6F36DDEC21F38784001FE943 /* Debug */,
				6F36DDED21F38784001FE943 /* Release */,
			);
			defaultConfigurationIsVisible = 0;
			defaultConfigurationName = Release;
		};
/* End XCConfigurationList section */
	};
	rootObject = 6F36DDCD21F38782001FE943 /* Project object */;
}
