// !$*UTF8*$!
{
	archiveVersion = 1;
	classes = {
	};
	objectVersion = 50;
	objects = {

/* Begin PBXBuildFile section */
		2011093029A611543B852F05 /* Pods_CambridgeTranscribe.framework in Frameworks */ = {isa = PBXBuildFile; fileRef = 7936189370E7CBB3485B8CD9 /* Pods_CambridgeTranscribe.framework */; };
		6F15506921FB647D00057F39 /* CBLectureView.m in Sources */ = {isa = PBXBuildFile; fileRef = 6F15506821FB647D00057F39 /* CBLectureView.m */; };
		6F15506B21FB648800057F39 /* CBLectureView.xib in Resources */ = {isa = PBXBuildFile; fileRef = 6F15506A21FB648800057F39 /* CBLectureView.xib */; };
		6F36DDDA21F38782001FE943 /* AppDelegate.m in Sources */ = {isa = PBXBuildFile; fileRef = 6F36DDD921F38782001FE943 /* AppDelegate.m */; };
		6F36DDE021F38782001FE943 /* Main.storyboard in Resources */ = {isa = PBXBuildFile; fileRef = 6F36DDDE21F38782001FE943 /* Main.storyboard */; };
		6F36DDE221F38784001FE943 /* Assets.xcassets in Resources */ = {isa = PBXBuildFile; fileRef = 6F36DDE121F38784001FE943 /* Assets.xcassets */; };
		6F36DDE521F38784001FE943 /* LaunchScreen.storyboard in Resources */ = {isa = PBXBuildFile; fileRef = 6F36DDE321F38784001FE943 /* LaunchScreen.storyboard */; };
		6F36DDE821F38784001FE943 /* main.m in Sources */ = {isa = PBXBuildFile; fileRef = 6F36DDE721F38784001FE943 /* main.m */; };
		6F69F60021FC461E00F84EF9 /* CBChatbotHint.m in Sources */ = {isa = PBXBuildFile; fileRef = 6F69F5FF21FC461E00F84EF9 /* CBChatbotHint.m */; };
		6F69F60221FC462F00F84EF9 /* CBChatbotHint.xib in Resources */ = {isa = PBXBuildFile; fileRef = 6F69F60121FC462F00F84EF9 /* CBChatbotHint.xib */; };
		6F93887D21FEDF91004A1C40 /* Root.storyboard in Resources */ = {isa = PBXBuildFile; fileRef = 6F93887C21FEDF91004A1C40 /* Root.storyboard */; };
		6F93887F21FEE02C004A1C40 /* TabBarController.swift in Sources */ = {isa = PBXBuildFile; fileRef = 6F93887E21FEE02C004A1C40 /* TabBarController.swift */; };
		6F9873562218AF85008E302B /* RecordTabBarItem.swift in Sources */ = {isa = PBXBuildFile; fileRef = 6F9873552218AF85008E302B /* RecordTabBarItem.swift */; };
		6F9873582218AFC6008E302B /* RecordTabBarItem.xib in Resources */ = {isa = PBXBuildFile; fileRef = 6F9873572218AFC6008E302B /* RecordTabBarItem.xib */; };
		6F98735B2218B0E0008E302B /* CircleView.swift in Sources */ = {isa = PBXBuildFile; fileRef = 6F98735A2218B0E0008E302B /* CircleView.swift */; };
		6FA1452221F3D75A00B33A29 /* MicrosoftCognitiveServicesSpeech.framework in Frameworks */ = {isa = PBXBuildFile; fileRef = 6FA1452121F3D75A00B33A29 /* MicrosoftCognitiveServicesSpeech.framework */; };
		6FA1452421F3D99D00B33A29 /* MicrosoftCognitiveServicesSpeech.framework in Embed Frameworks */ = {isa = PBXBuildFile; fileRef = 6FA1452121F3D75A00B33A29 /* MicrosoftCognitiveServicesSpeech.framework */; settings = {ATTRIBUTES = (CodeSignOnCopy, RemoveHeadersOnCopy, ); }; };
		6FB1C93621F48C9E004529BD /* CBLectureCollectionViewCell.m in Sources */ = {isa = PBXBuildFile; fileRef = 6FB1C93521F48C9D004529BD /* CBLectureCollectionViewCell.m */; };
		6FBB6198221B3E820073650C /* TranscribingViewController.swift in Sources */ = {isa = PBXBuildFile; fileRef = 6FBB6197221B3E820073650C /* TranscribingViewController.swift */; };
		6FBB619E221B42BA0073650C /* SCSiriWaveformView.m in Sources */ = {isa = PBXBuildFile; fileRef = 6FBB619C221B42BA0073650C /* SCSiriWaveformView.m */; };
		6FC0DBDD2218223800497A68 /* ColorfulShiftView.swift in Sources */ = {isa = PBXBuildFile; fileRef = 6FC0DBDC2218223800497A68 /* ColorfulShiftView.swift */; };
		6FCC511922195C7C0029AEAC /* TabBarView.swift in Sources */ = {isa = PBXBuildFile; fileRef = 6FCC511822195C7C0029AEAC /* TabBarView.swift */; };
		6FCC511B22195C940029AEAC /* TabBarView.xib in Resources */ = {isa = PBXBuildFile; fileRef = 6FCC511A22195C940029AEAC /* TabBarView.xib */; };
		6FCC5120221962F90029AEAC /* TintImageView.swift in Sources */ = {isa = PBXBuildFile; fileRef = 6FCC511F221962F90029AEAC /* TintImageView.swift */; };
		6FD8E7C321F3ECFA00363438 /* CBRecordViewController.m in Sources */ = {isa = PBXBuildFile; fileRef = 6FD8E7C221F3ECFA00363438 /* CBRecordViewController.m */; };
		6FD8E7C621F3FE0000363438 /* CBRecordDetailViewController.m in Sources */ = {isa = PBXBuildFile; fileRef = 6FD8E7C521F3FE0000363438 /* CBRecordDetailViewController.m */; };
		6FD8E7C921F4071900363438 /* CBRecordTranscriptViewController.m in Sources */ = {isa = PBXBuildFile; fileRef = 6FD8E7C821F4071900363438 /* CBRecordTranscriptViewController.m */; };
		6FD8E7D721F411B200363438 /* Brandon_bld_it.otf in Resources */ = {isa = PBXBuildFile; fileRef = 6FD8E7CD21F40D3800363438 /* Brandon_bld_it.otf */; };
		6FD8E7D821F411B200363438 /* Brandon_bld.otf in Resources */ = {isa = PBXBuildFile; fileRef = 6FD8E7D421F40D3900363438 /* Brandon_bld.otf */; };
		6FD8E7D921F411B200363438 /* Brandon_blk_it.otf in Resources */ = {isa = PBXBuildFile; fileRef = 6FD8E7CE21F40D3900363438 /* Brandon_blk_it.otf */; };
		6FD8E7DA21F411B200363438 /* Brandon_blk.otf in Resources */ = {isa = PBXBuildFile; fileRef = 6FD8E7D121F40D3900363438 /* Brandon_blk.otf */; };
		6FD8E7DB21F411B200363438 /* Brandon_light_it.otf in Resources */ = {isa = PBXBuildFile; fileRef = 6FD8E7CB21F40D3800363438 /* Brandon_light_it.otf */; };
		6FD8E7DC21F411B200363438 /* Brandon_light.otf in Resources */ = {isa = PBXBuildFile; fileRef = 6FD8E7D221F40D3900363438 /* Brandon_light.otf */; };
		6FD8E7DD21F411B200363438 /* Brandon_med_it.otf in Resources */ = {isa = PBXBuildFile; fileRef = 6FD8E7D321F40D3900363438 /* Brandon_med_it.otf */; };
		6FD8E7DE21F411B200363438 /* Brandon_med.otf in Resources */ = {isa = PBXBuildFile; fileRef = 6FD8E7CF21F40D3900363438 /* Brandon_med.otf */; };
		6FD8E7DF21F411B200363438 /* Brandon_reg_it.otf in Resources */ = {isa = PBXBuildFile; fileRef = 6FD8E7D521F40D3900363438 /* Brandon_reg_it.otf */; };
		6FD8E7E021F411B200363438 /* Brandon_reg.otf in Resources */ = {isa = PBXBuildFile; fileRef = 6FD8E7D021F40D3900363438 /* Brandon_reg.otf */; };
		6FD8E7E121F411B200363438 /* Brandon_thin_it.otf in Resources */ = {isa = PBXBuildFile; fileRef = 6FD8E7CC21F40D3800363438 /* Brandon_thin_it.otf */; };
		6FD8E7E221F411B200363438 /* Brandon_thin.otf in Resources */ = {isa = PBXBuildFile; fileRef = 6FD8E7D621F40D3900363438 /* Brandon_thin.otf */; };
		6FD8E7E521F426B000363438 /* CBLecturesContainerViewController.m in Sources */ = {isa = PBXBuildFile; fileRef = 6FD8E7E421F426B000363438 /* CBLecturesContainerViewController.m */; };
		6FD8E7F221F42C2900363438 /* CBClassCollectionViewController.m in Sources */ = {isa = PBXBuildFile; fileRef = 6FD8E7F121F42C2900363438 /* CBClassCollectionViewController.m */; };
		6FD8E7F521F42DD600363438 /* CBClassCollectionViewCell.m in Sources */ = {isa = PBXBuildFile; fileRef = 6FD8E7F421F42DD600363438 /* CBClassCollectionViewCell.m */; };
		6FD8E7F821F4389600363438 /* CBLecturesCollectionViewController.m in Sources */ = {isa = PBXBuildFile; fileRef = 6FD8E7F721F4389600363438 /* CBLecturesCollectionViewController.m */; };
		6FD8E7FB21F43BC400363438 /* CBChatbotViewController.m in Sources */ = {isa = PBXBuildFile; fileRef = 6FD8E7FA21F43BC400363438 /* CBChatbotViewController.m */; };
		6FE5574221FB09F300669EE9 /* CBTranscriptTextView.m in Sources */ = {isa = PBXBuildFile; fileRef = 6FE5574121FB09F300669EE9 /* CBTranscriptTextView.m */; };
		6FE5574421FB0A0700669EE9 /* CBTranscriptTextView.xib in Resources */ = {isa = PBXBuildFile; fileRef = 6FE5574321FB0A0700669EE9 /* CBTranscriptTextView.xib */; };
		6FE93AB321FA60E00016069E /* CBRecordSaveTranscriptView.m in Sources */ = {isa = PBXBuildFile; fileRef = 6FE93AB221FA60E00016069E /* CBRecordSaveTranscriptView.m */; };
		6FE93AB521FA63C90016069E /* CBRecordSaveTranscriptView.xib in Resources */ = {isa = PBXBuildFile; fileRef = 6FE93AB421FA63C90016069E /* CBRecordSaveTranscriptView.xib */; };
		6FE93ABA21FA66E70016069E /* CBROutlineButton.m in Sources */ = {isa = PBXBuildFile; fileRef = 6FE93AB921FA66E70016069E /* CBROutlineButton.m */; };
		6FED1A4B2219BEC800A3D375 /* MaratPro-Medium.otf in Resources */ = {isa = PBXBuildFile; fileRef = 6FED1A432219BEC700A3D375 /* MaratPro-Medium.otf */; };
		6FED1A4C2219BEC800A3D375 /* MaratPro-Bold-Italic.otf in Resources */ = {isa = PBXBuildFile; fileRef = 6FED1A442219BEC700A3D375 /* MaratPro-Bold-Italic.otf */; };
		6FED1A4D2219BEC800A3D375 /* MaratPro-Bold.otf in Resources */ = {isa = PBXBuildFile; fileRef = 6FED1A452219BEC700A3D375 /* MaratPro-Bold.otf */; };
		6FED1A4E2219BEC800A3D375 /* MaratPro-Black.otf in Resources */ = {isa = PBXBuildFile; fileRef = 6FED1A462219BEC700A3D375 /* MaratPro-Black.otf */; };
		6FED1A4F2219BEC800A3D375 /* MaratPro-Regular.otf in Resources */ = {isa = PBXBuildFile; fileRef = 6FED1A472219BEC700A3D375 /* MaratPro-Regular.otf */; };
		6FED1A502219BEC800A3D375 /* MaratPro-Medium-Italic.otf in Resources */ = {isa = PBXBuildFile; fileRef = 6FED1A482219BEC800A3D375 /* MaratPro-Medium-Italic.otf */; };
		6FED1A512219BEC800A3D375 /* MaratPro-Regular-Italic.otf in Resources */ = {isa = PBXBuildFile; fileRef = 6FED1A492219BEC800A3D375 /* MaratPro-Regular-Italic.otf */; };
		6FED1A522219BEC800A3D375 /* MaratPro-Black-Italic.otf in Resources */ = {isa = PBXBuildFile; fileRef = 6FED1A4A2219BEC800A3D375 /* MaratPro-Black-Italic.otf */; };
		6FED1A562219BF8C00A3D375 /* UIFont+Marat.swift in Sources */ = {isa = PBXBuildFile; fileRef = 6FED1A552219BF8C00A3D375 /* UIFont+Marat.swift */; };
		6FED1A582219C1D100A3D375 /* UIFont+BrandonGrotesque.swift in Sources */ = {isa = PBXBuildFile; fileRef = 6FED1A572219C1D100A3D375 /* UIFont+BrandonGrotesque.swift */; };
		6FED1A5A2219C33E00A3D375 /* RecordContainerViewController.swift in Sources */ = {isa = PBXBuildFile; fileRef = 6FED1A592219C33E00A3D375 /* RecordContainerViewController.swift */; };
		6FED1A5C2219C36C00A3D375 /* Record.storyboard in Resources */ = {isa = PBXBuildFile; fileRef = 6FED1A5B2219C36C00A3D375 /* Record.storyboard */; };
		6FED1A602219C93100A3D375 /* RecordContainerCardCell.swift in Sources */ = {isa = PBXBuildFile; fileRef = 6FED1A5E2219C93100A3D375 /* RecordContainerCardCell.swift */; };
		6FED1A612219C93100A3D375 /* RecordContainerCardCell.xib in Resources */ = {isa = PBXBuildFile; fileRef = 6FED1A5F2219C93100A3D375 /* RecordContainerCardCell.xib */; };
		6FED1A6B2219E50E00A3D375 /* PanDirection.swift in Sources */ = {isa = PBXBuildFile; fileRef = 6FED1A632219E50C00A3D375 /* PanDirection.swift */; };
		6FED1A6C2219E50E00A3D375 /* SwipeDirection.swift in Sources */ = {isa = PBXBuildFile; fileRef = 6FED1A642219E50D00A3D375 /* SwipeDirection.swift */; };
		6FED1A6D2219E50E00A3D375 /* VerticalCardSwiperView.swift in Sources */ = {isa = PBXBuildFile; fileRef = 6FED1A662219E50D00A3D375 /* VerticalCardSwiperView.swift */; };
		6FED1A6E2219E50E00A3D375 /* VerticalCardSwiperFlowLayout.swift in Sources */ = {isa = PBXBuildFile; fileRef = 6FED1A672219E50D00A3D375 /* VerticalCardSwiperFlowLayout.swift */; };
		6FED1A6F2219E50E00A3D375 /* VerticalCardSwiperDelegate.swift in Sources */ = {isa = PBXBuildFile; fileRef = 6FED1A682219E50E00A3D375 /* VerticalCardSwiperDelegate.swift */; };
		6FED1A702219E50E00A3D375 /* VerticalCardSwiper.swift in Sources */ = {isa = PBXBuildFile; fileRef = 6FED1A692219E50E00A3D375 /* VerticalCardSwiper.swift */; };
		6FED1A712219E50E00A3D375 /* VerticalCardSwiperDatasource.swift in Sources */ = {isa = PBXBuildFile; fileRef = 6FED1A6A2219E50E00A3D375 /* VerticalCardSwiperDatasource.swift */; };
		6FED1A752219E51400A3D375 /* Extensions.swift in Sources */ = {isa = PBXBuildFile; fileRef = 6FED1A722219E51400A3D375 /* Extensions.swift */; };
		6FED1A762219E51400A3D375 /* CardCell.swift in Sources */ = {isa = PBXBuildFile; fileRef = 6FED1A732219E51400A3D375 /* CardCell.swift */; };
		6FED1A772219E51400A3D375 /* CardDelegate.swift in Sources */ = {isa = PBXBuildFile; fileRef = 6FED1A742219E51400A3D375 /* CardDelegate.swift */; };
		6FED1A7B2219F3C600A3D375 /* CardDetailViewController.swift in Sources */ = {isa = PBXBuildFile; fileRef = 6FED1A792219F3C600A3D375 /* CardDetailViewController.swift */; };
		6FED1A7C2219F3C600A3D375 /* CardDetailViewController.xib in Resources */ = {isa = PBXBuildFile; fileRef = 6FED1A7A2219F3C600A3D375 /* CardDetailViewController.xib */; };
		6FFB845921FB42A000739F76 /* CBClassesManager.m in Sources */ = {isa = PBXBuildFile; fileRef = 6FFB845821FB42A000739F76 /* CBClassesManager.m */; };
		6FFBE22D21FEDD3F00CEFF1D /* RootContainerViewController.swift in Sources */ = {isa = PBXBuildFile; fileRef = 6FFBE22B21FEDD3F00CEFF1D /* RootContainerViewController.swift */; };
/* End PBXBuildFile section */

/* Begin PBXCopyFilesBuildPhase section */
		6FB1398D21F39BAD002EB966 /* Embed Frameworks */ = {
			isa = PBXCopyFilesBuildPhase;
			buildActionMask = 2147483647;
			dstPath = "";
			dstSubfolderSpec = 10;
			files = (
				6FA1452421F3D99D00B33A29 /* MicrosoftCognitiveServicesSpeech.framework in Embed Frameworks */,
			);
			name = "Embed Frameworks";
			runOnlyForDeploymentPostprocessing = 0;
		};
/* End PBXCopyFilesBuildPhase section */

/* Begin PBXFileReference section */
		6F15506721FB647D00057F39 /* CBLectureView.h */ = {isa = PBXFileReference; lastKnownFileType = sourcecode.c.h; path = CBLectureView.h; sourceTree = "<group>"; };
		6F15506821FB647D00057F39 /* CBLectureView.m */ = {isa = PBXFileReference; lastKnownFileType = sourcecode.c.objc; path = CBLectureView.m; sourceTree = "<group>"; };
		6F15506A21FB648800057F39 /* CBLectureView.xib */ = {isa = PBXFileReference; lastKnownFileType = file.xib; path = CBLectureView.xib; sourceTree = "<group>"; };
		6F36DDD521F38782001FE943 /* CambridgeTranscribe.app */ = {isa = PBXFileReference; explicitFileType = wrapper.application; includeInIndex = 0; path = CambridgeTranscribe.app; sourceTree = BUILT_PRODUCTS_DIR; };
		6F36DDD821F38782001FE943 /* AppDelegate.h */ = {isa = PBXFileReference; lastKnownFileType = sourcecode.c.h; path = AppDelegate.h; sourceTree = "<group>"; };
		6F36DDD921F38782001FE943 /* AppDelegate.m */ = {isa = PBXFileReference; lastKnownFileType = sourcecode.c.objc; path = AppDelegate.m; sourceTree = "<group>"; };
		6F36DDDF21F38782001FE943 /* Base */ = {isa = PBXFileReference; lastKnownFileType = file.storyboard; name = Base; path = Base.lproj/Main.storyboard; sourceTree = "<group>"; };
		6F36DDE121F38784001FE943 /* Assets.xcassets */ = {isa = PBXFileReference; lastKnownFileType = folder.assetcatalog; path = Assets.xcassets; sourceTree = "<group>"; };
		6F36DDE421F38784001FE943 /* Base */ = {isa = PBXFileReference; lastKnownFileType = file.storyboard; name = Base; path = Base.lproj/LaunchScreen.storyboard; sourceTree = "<group>"; };
		6F36DDE621F38784001FE943 /* Info.plist */ = {isa = PBXFileReference; lastKnownFileType = text.plist.xml; path = Info.plist; sourceTree = "<group>"; };
		6F36DDE721F38784001FE943 /* main.m */ = {isa = PBXFileReference; lastKnownFileType = sourcecode.c.objc; path = main.m; sourceTree = "<group>"; };
		6F69F5FE21FC461E00F84EF9 /* CBChatbotHint.h */ = {isa = PBXFileReference; lastKnownFileType = sourcecode.c.h; path = CBChatbotHint.h; sourceTree = "<group>"; };
		6F69F5FF21FC461E00F84EF9 /* CBChatbotHint.m */ = {isa = PBXFileReference; lastKnownFileType = sourcecode.c.objc; path = CBChatbotHint.m; sourceTree = "<group>"; };
		6F69F60121FC462F00F84EF9 /* CBChatbotHint.xib */ = {isa = PBXFileReference; lastKnownFileType = file.xib; path = CBChatbotHint.xib; sourceTree = "<group>"; };
		6F93887C21FEDF91004A1C40 /* Root.storyboard */ = {isa = PBXFileReference; lastKnownFileType = file.storyboard; path = Root.storyboard; sourceTree = "<group>"; };
		6F93887E21FEE02C004A1C40 /* TabBarController.swift */ = {isa = PBXFileReference; lastKnownFileType = sourcecode.swift; path = TabBarController.swift; sourceTree = "<group>"; };
		6F93888121FEE22A004A1C40 /* CambridgeTranscribe-Bridging-Header.h */ = {isa = PBXFileReference; lastKnownFileType = sourcecode.c.h; path = "CambridgeTranscribe-Bridging-Header.h"; sourceTree = "<group>"; };
		6F9873552218AF85008E302B /* RecordTabBarItem.swift */ = {isa = PBXFileReference; lastKnownFileType = sourcecode.swift; path = RecordTabBarItem.swift; sourceTree = "<group>"; };
		6F9873572218AFC6008E302B /* RecordTabBarItem.xib */ = {isa = PBXFileReference; lastKnownFileType = file.xib; path = RecordTabBarItem.xib; sourceTree = "<group>"; };
		6F98735A2218B0E0008E302B /* CircleView.swift */ = {isa = PBXFileReference; lastKnownFileType = sourcecode.swift; path = CircleView.swift; sourceTree = "<group>"; };
		6FA1452121F3D75A00B33A29 /* MicrosoftCognitiveServicesSpeech.framework */ = {isa = PBXFileReference; lastKnownFileType = wrapper.framework; path = MicrosoftCognitiveServicesSpeech.framework; sourceTree = "<group>"; };
		6FB1C93421F48C9D004529BD /* CBLectureCollectionViewCell.h */ = {isa = PBXFileReference; lastKnownFileType = sourcecode.c.h; path = CBLectureCollectionViewCell.h; sourceTree = "<group>"; };
		6FB1C93521F48C9D004529BD /* CBLectureCollectionViewCell.m */ = {isa = PBXFileReference; lastKnownFileType = sourcecode.c.objc; path = CBLectureCollectionViewCell.m; sourceTree = "<group>"; };
		6FBB6197221B3E820073650C /* TranscribingViewController.swift */ = {isa = PBXFileReference; lastKnownFileType = sourcecode.swift; path = TranscribingViewController.swift; sourceTree = "<group>"; };
		6FBB619C221B42BA0073650C /* SCSiriWaveformView.m */ = {isa = PBXFileReference; fileEncoding = 4; lastKnownFileType = sourcecode.c.objc; path = SCSiriWaveformView.m; sourceTree = "<group>"; };
		6FBB619D221B42BA0073650C /* SCSiriWaveformView.h */ = {isa = PBXFileReference; fileEncoding = 4; lastKnownFileType = sourcecode.c.h; path = SCSiriWaveformView.h; sourceTree = "<group>"; };
		6FC0DBDC2218223800497A68 /* ColorfulShiftView.swift */ = {isa = PBXFileReference; lastKnownFileType = sourcecode.swift; path = ColorfulShiftView.swift; sourceTree = "<group>"; };
		6FCC511822195C7C0029AEAC /* TabBarView.swift */ = {isa = PBXFileReference; lastKnownFileType = sourcecode.swift; path = TabBarView.swift; sourceTree = "<group>"; };
		6FCC511A22195C940029AEAC /* TabBarView.xib */ = {isa = PBXFileReference; lastKnownFileType = file.xib; path = TabBarView.xib; sourceTree = "<group>"; };
		6FCC511F221962F90029AEAC /* TintImageView.swift */ = {isa = PBXFileReference; lastKnownFileType = sourcecode.swift; path = TintImageView.swift; sourceTree = "<group>"; };
		6FD8E7C121F3ECFA00363438 /* CBRecordViewController.h */ = {isa = PBXFileReference; lastKnownFileType = sourcecode.c.h; path = CBRecordViewController.h; sourceTree = "<group>"; };
		6FD8E7C221F3ECFA00363438 /* CBRecordViewController.m */ = {isa = PBXFileReference; lastKnownFileType = sourcecode.c.objc; path = CBRecordViewController.m; sourceTree = "<group>"; };
		6FD8E7C421F3FE0000363438 /* CBRecordDetailViewController.h */ = {isa = PBXFileReference; lastKnownFileType = sourcecode.c.h; path = CBRecordDetailViewController.h; sourceTree = "<group>"; };
		6FD8E7C521F3FE0000363438 /* CBRecordDetailViewController.m */ = {isa = PBXFileReference; lastKnownFileType = sourcecode.c.objc; path = CBRecordDetailViewController.m; sourceTree = "<group>"; };
		6FD8E7C721F4071900363438 /* CBRecordTranscriptViewController.h */ = {isa = PBXFileReference; lastKnownFileType = sourcecode.c.h; path = CBRecordTranscriptViewController.h; sourceTree = "<group>"; };
		6FD8E7C821F4071900363438 /* CBRecordTranscriptViewController.m */ = {isa = PBXFileReference; lastKnownFileType = sourcecode.c.objc; path = CBRecordTranscriptViewController.m; sourceTree = "<group>"; };
		6FD8E7CB21F40D3800363438 /* Brandon_light_it.otf */ = {isa = PBXFileReference; lastKnownFileType = file; path = Brandon_light_it.otf; sourceTree = "<group>"; };
		6FD8E7CC21F40D3800363438 /* Brandon_thin_it.otf */ = {isa = PBXFileReference; lastKnownFileType = file; path = Brandon_thin_it.otf; sourceTree = "<group>"; };
		6FD8E7CD21F40D3800363438 /* Brandon_bld_it.otf */ = {isa = PBXFileReference; lastKnownFileType = file; path = Brandon_bld_it.otf; sourceTree = "<group>"; };
		6FD8E7CE21F40D3900363438 /* Brandon_blk_it.otf */ = {isa = PBXFileReference; lastKnownFileType = file; path = Brandon_blk_it.otf; sourceTree = "<group>"; };
		6FD8E7CF21F40D3900363438 /* Brandon_med.otf */ = {isa = PBXFileReference; lastKnownFileType = file; path = Brandon_med.otf; sourceTree = "<group>"; };
		6FD8E7D021F40D3900363438 /* Brandon_reg.otf */ = {isa = PBXFileReference; lastKnownFileType = file; path = Brandon_reg.otf; sourceTree = "<group>"; };
		6FD8E7D121F40D3900363438 /* Brandon_blk.otf */ = {isa = PBXFileReference; lastKnownFileType = file; path = Brandon_blk.otf; sourceTree = "<group>"; };
		6FD8E7D221F40D3900363438 /* Brandon_light.otf */ = {isa = PBXFileReference; lastKnownFileType = file; path = Brandon_light.otf; sourceTree = "<group>"; };
		6FD8E7D321F40D3900363438 /* Brandon_med_it.otf */ = {isa = PBXFileReference; lastKnownFileType = file; path = Brandon_med_it.otf; sourceTree = "<group>"; };
		6FD8E7D421F40D3900363438 /* Brandon_bld.otf */ = {isa = PBXFileReference; lastKnownFileType = file; path = Brandon_bld.otf; sourceTree = "<group>"; };
		6FD8E7D521F40D3900363438 /* Brandon_reg_it.otf */ = {isa = PBXFileReference; lastKnownFileType = file; path = Brandon_reg_it.otf; sourceTree = "<group>"; };
		6FD8E7D621F40D3900363438 /* Brandon_thin.otf */ = {isa = PBXFileReference; lastKnownFileType = file; path = Brandon_thin.otf; sourceTree = "<group>"; };
		6FD8E7E321F426B000363438 /* CBLecturesContainerViewController.h */ = {isa = PBXFileReference; lastKnownFileType = sourcecode.c.h; path = CBLecturesContainerViewController.h; sourceTree = "<group>"; };
		6FD8E7E421F426B000363438 /* CBLecturesContainerViewController.m */ = {isa = PBXFileReference; lastKnownFileType = sourcecode.c.objc; path = CBLecturesContainerViewController.m; sourceTree = "<group>"; };
		6FD8E7F021F42C2900363438 /* CBClassCollectionViewController.h */ = {isa = PBXFileReference; lastKnownFileType = sourcecode.c.h; path = CBClassCollectionViewController.h; sourceTree = "<group>"; };
		6FD8E7F121F42C2900363438 /* CBClassCollectionViewController.m */ = {isa = PBXFileReference; lastKnownFileType = sourcecode.c.objc; path = CBClassCollectionViewController.m; sourceTree = "<group>"; };
		6FD8E7F321F42DD600363438 /* CBClassCollectionViewCell.h */ = {isa = PBXFileReference; lastKnownFileType = sourcecode.c.h; path = CBClassCollectionViewCell.h; sourceTree = "<group>"; };
		6FD8E7F421F42DD600363438 /* CBClassCollectionViewCell.m */ = {isa = PBXFileReference; lastKnownFileType = sourcecode.c.objc; path = CBClassCollectionViewCell.m; sourceTree = "<group>"; };
		6FD8E7F621F4389600363438 /* CBLecturesCollectionViewController.h */ = {isa = PBXFileReference; lastKnownFileType = sourcecode.c.h; path = CBLecturesCollectionViewController.h; sourceTree = "<group>"; };
		6FD8E7F721F4389600363438 /* CBLecturesCollectionViewController.m */ = {isa = PBXFileReference; lastKnownFileType = sourcecode.c.objc; path = CBLecturesCollectionViewController.m; sourceTree = "<group>"; };
		6FD8E7F921F43BC400363438 /* CBChatbotViewController.h */ = {isa = PBXFileReference; lastKnownFileType = sourcecode.c.h; path = CBChatbotViewController.h; sourceTree = "<group>"; };
		6FD8E7FA21F43BC400363438 /* CBChatbotViewController.m */ = {isa = PBXFileReference; lastKnownFileType = sourcecode.c.objc; path = CBChatbotViewController.m; sourceTree = "<group>"; };
		6FE5574021FB09F300669EE9 /* CBTranscriptTextView.h */ = {isa = PBXFileReference; lastKnownFileType = sourcecode.c.h; path = CBTranscriptTextView.h; sourceTree = "<group>"; };
		6FE5574121FB09F300669EE9 /* CBTranscriptTextView.m */ = {isa = PBXFileReference; lastKnownFileType = sourcecode.c.objc; path = CBTranscriptTextView.m; sourceTree = "<group>"; };
		6FE5574321FB0A0700669EE9 /* CBTranscriptTextView.xib */ = {isa = PBXFileReference; lastKnownFileType = file.xib; path = CBTranscriptTextView.xib; sourceTree = "<group>"; };
		6FE93AB121FA60E00016069E /* CBRecordSaveTranscriptView.h */ = {isa = PBXFileReference; lastKnownFileType = sourcecode.c.h; path = CBRecordSaveTranscriptView.h; sourceTree = "<group>"; };
		6FE93AB221FA60E00016069E /* CBRecordSaveTranscriptView.m */ = {isa = PBXFileReference; lastKnownFileType = sourcecode.c.objc; path = CBRecordSaveTranscriptView.m; sourceTree = "<group>"; };
		6FE93AB421FA63C90016069E /* CBRecordSaveTranscriptView.xib */ = {isa = PBXFileReference; lastKnownFileType = file.xib; path = CBRecordSaveTranscriptView.xib; sourceTree = "<group>"; };
		6FE93AB821FA66E70016069E /* CBROutlineButton.h */ = {isa = PBXFileReference; lastKnownFileType = sourcecode.c.h; path = CBROutlineButton.h; sourceTree = "<group>"; };
		6FE93AB921FA66E70016069E /* CBROutlineButton.m */ = {isa = PBXFileReference; lastKnownFileType = sourcecode.c.objc; path = CBROutlineButton.m; sourceTree = "<group>"; };
		6FED1A432219BEC700A3D375 /* MaratPro-Medium.otf */ = {isa = PBXFileReference; lastKnownFileType = file; path = "MaratPro-Medium.otf"; sourceTree = "<group>"; };
		6FED1A442219BEC700A3D375 /* MaratPro-Bold-Italic.otf */ = {isa = PBXFileReference; lastKnownFileType = file; path = "MaratPro-Bold-Italic.otf"; sourceTree = "<group>"; };
		6FED1A452219BEC700A3D375 /* MaratPro-Bold.otf */ = {isa = PBXFileReference; lastKnownFileType = file; path = "MaratPro-Bold.otf"; sourceTree = "<group>"; };
		6FED1A462219BEC700A3D375 /* MaratPro-Black.otf */ = {isa = PBXFileReference; lastKnownFileType = file; path = "MaratPro-Black.otf"; sourceTree = "<group>"; };
		6FED1A472219BEC700A3D375 /* MaratPro-Regular.otf */ = {isa = PBXFileReference; lastKnownFileType = file; path = "MaratPro-Regular.otf"; sourceTree = "<group>"; };
		6FED1A482219BEC800A3D375 /* MaratPro-Medium-Italic.otf */ = {isa = PBXFileReference; lastKnownFileType = file; path = "MaratPro-Medium-Italic.otf"; sourceTree = "<group>"; };
		6FED1A492219BEC800A3D375 /* MaratPro-Regular-Italic.otf */ = {isa = PBXFileReference; lastKnownFileType = file; path = "MaratPro-Regular-Italic.otf"; sourceTree = "<group>"; };
		6FED1A4A2219BEC800A3D375 /* MaratPro-Black-Italic.otf */ = {isa = PBXFileReference; lastKnownFileType = file; path = "MaratPro-Black-Italic.otf"; sourceTree = "<group>"; };
		6FED1A552219BF8C00A3D375 /* UIFont+Marat.swift */ = {isa = PBXFileReference; lastKnownFileType = sourcecode.swift; path = "UIFont+Marat.swift"; sourceTree = "<group>"; };
		6FED1A572219C1D100A3D375 /* UIFont+BrandonGrotesque.swift */ = {isa = PBXFileReference; lastKnownFileType = sourcecode.swift; path = "UIFont+BrandonGrotesque.swift"; sourceTree = "<group>"; };
		6FED1A592219C33E00A3D375 /* RecordContainerViewController.swift */ = {isa = PBXFileReference; lastKnownFileType = sourcecode.swift; path = RecordContainerViewController.swift; sourceTree = "<group>"; };
		6FED1A5B2219C36C00A3D375 /* Record.storyboard */ = {isa = PBXFileReference; lastKnownFileType = file.storyboard; path = Record.storyboard; sourceTree = "<group>"; };
		6FED1A5E2219C93100A3D375 /* RecordContainerCardCell.swift */ = {isa = PBXFileReference; lastKnownFileType = sourcecode.swift; path = RecordContainerCardCell.swift; sourceTree = "<group>"; };
		6FED1A5F2219C93100A3D375 /* RecordContainerCardCell.xib */ = {isa = PBXFileReference; lastKnownFileType = file.xib; path = RecordContainerCardCell.xib; sourceTree = "<group>"; };
		6FED1A632219E50C00A3D375 /* PanDirection.swift */ = {isa = PBXFileReference; fileEncoding = 4; lastKnownFileType = sourcecode.swift; path = PanDirection.swift; sourceTree = "<group>"; };
		6FED1A642219E50D00A3D375 /* SwipeDirection.swift */ = {isa = PBXFileReference; fileEncoding = 4; lastKnownFileType = sourcecode.swift; path = SwipeDirection.swift; sourceTree = "<group>"; };
		6FED1A652219E50D00A3D375 /* VerticalCardSwiper.h */ = {isa = PBXFileReference; fileEncoding = 4; lastKnownFileType = sourcecode.c.h; path = VerticalCardSwiper.h; sourceTree = "<group>"; };
		6FED1A662219E50D00A3D375 /* VerticalCardSwiperView.swift */ = {isa = PBXFileReference; fileEncoding = 4; lastKnownFileType = sourcecode.swift; path = VerticalCardSwiperView.swift; sourceTree = "<group>"; };
		6FED1A672219E50D00A3D375 /* VerticalCardSwiperFlowLayout.swift */ = {isa = PBXFileReference; fileEncoding = 4; lastKnownFileType = sourcecode.swift; path = VerticalCardSwiperFlowLayout.swift; sourceTree = "<group>"; };
		6FED1A682219E50E00A3D375 /* VerticalCardSwiperDelegate.swift */ = {isa = PBXFileReference; fileEncoding = 4; lastKnownFileType = sourcecode.swift; path = VerticalCardSwiperDelegate.swift; sourceTree = "<group>"; };
		6FED1A692219E50E00A3D375 /* VerticalCardSwiper.swift */ = {isa = PBXFileReference; fileEncoding = 4; lastKnownFileType = sourcecode.swift; path = VerticalCardSwiper.swift; sourceTree = "<group>"; };
		6FED1A6A2219E50E00A3D375 /* VerticalCardSwiperDatasource.swift */ = {isa = PBXFileReference; fileEncoding = 4; lastKnownFileType = sourcecode.swift; path = VerticalCardSwiperDatasource.swift; sourceTree = "<group>"; };
		6FED1A722219E51400A3D375 /* Extensions.swift */ = {isa = PBXFileReference; fileEncoding = 4; lastKnownFileType = sourcecode.swift; path = Extensions.swift; sourceTree = "<group>"; };
		6FED1A732219E51400A3D375 /* CardCell.swift */ = {isa = PBXFileReference; fileEncoding = 4; lastKnownFileType = sourcecode.swift; path = CardCell.swift; sourceTree = "<group>"; };
		6FED1A742219E51400A3D375 /* CardDelegate.swift */ = {isa = PBXFileReference; fileEncoding = 4; lastKnownFileType = sourcecode.swift; path = CardDelegate.swift; sourceTree = "<group>"; };
		6FED1A792219F3C600A3D375 /* CardDetailViewController.swift */ = {isa = PBXFileReference; lastKnownFileType = sourcecode.swift; path = CardDetailViewController.swift; sourceTree = "<group>"; };
		6FED1A7A2219F3C600A3D375 /* CardDetailViewController.xib */ = {isa = PBXFileReference; lastKnownFileType = file.xib; path = CardDetailViewController.xib; sourceTree = "<group>"; };
		6FFB845721FB42A000739F76 /* CBClassesManager.h */ = {isa = PBXFileReference; lastKnownFileType = sourcecode.c.h; path = CBClassesManager.h; sourceTree = "<group>"; };
		6FFB845821FB42A000739F76 /* CBClassesManager.m */ = {isa = PBXFileReference; lastKnownFileType = sourcecode.c.objc; path = CBClassesManager.m; sourceTree = "<group>"; };
		6FFBE22B21FEDD3F00CEFF1D /* RootContainerViewController.swift */ = {isa = PBXFileReference; lastKnownFileType = sourcecode.swift; path = RootContainerViewController.swift; sourceTree = "<group>"; };
		7936189370E7CBB3485B8CD9 /* Pods_CambridgeTranscribe.framework */ = {isa = PBXFileReference; explicitFileType = wrapper.framework; includeInIndex = 0; path = Pods_CambridgeTranscribe.framework; sourceTree = BUILT_PRODUCTS_DIR; };
		DF949BC2B7001A1609FE29F8 /* Pods-CambridgeTranscribe.release.xcconfig */ = {isa = PBXFileReference; includeInIndex = 1; lastKnownFileType = text.xcconfig; name = "Pods-CambridgeTranscribe.release.xcconfig"; path = "Pods/Target Support Files/Pods-CambridgeTranscribe/Pods-CambridgeTranscribe.release.xcconfig"; sourceTree = "<group>"; };
		FBB58E6986C6F2B7A1D0C903 /* Pods-CambridgeTranscribe.debug.xcconfig */ = {isa = PBXFileReference; includeInIndex = 1; lastKnownFileType = text.xcconfig; name = "Pods-CambridgeTranscribe.debug.xcconfig"; path = "Pods/Target Support Files/Pods-CambridgeTranscribe/Pods-CambridgeTranscribe.debug.xcconfig"; sourceTree = "<group>"; };
/* End PBXFileReference section */

/* Begin PBXFrameworksBuildPhase section */
		6F36DDD221F38782001FE943 /* Frameworks */ = {
			isa = PBXFrameworksBuildPhase;
			buildActionMask = 2147483647;
			files = (
				6FA1452221F3D75A00B33A29 /* MicrosoftCognitiveServicesSpeech.framework in Frameworks */,
				2011093029A611543B852F05 /* Pods_CambridgeTranscribe.framework in Frameworks */,
			);
			runOnlyForDeploymentPostprocessing = 0;
		};
/* End PBXFrameworksBuildPhase section */

/* Begin PBXGroup section */
		6F15506621FB645B00057F39 /* LecturesViewController */ = {
			isa = PBXGroup;
			children = (
				6FD8E7E321F426B000363438 /* CBLecturesContainerViewController.h */,
				6FD8E7E421F426B000363438 /* CBLecturesContainerViewController.m */,
				6FD8E7F021F42C2900363438 /* CBClassCollectionViewController.h */,
				6FD8E7F121F42C2900363438 /* CBClassCollectionViewController.m */,
				6FD8E7F321F42DD600363438 /* CBClassCollectionViewCell.h */,
				6FD8E7F421F42DD600363438 /* CBClassCollectionViewCell.m */,
				6F15506721FB647D00057F39 /* CBLectureView.h */,
				6F15506821FB647D00057F39 /* CBLectureView.m */,
				6F15506A21FB648800057F39 /* CBLectureView.xib */,
			);
			path = LecturesViewController;
			sourceTree = "<group>";
		};
		6F36DDCC21F38782001FE943 = {
			isa = PBXGroup;
			children = (
				6FA1452121F3D75A00B33A29 /* MicrosoftCognitiveServicesSpeech.framework */,
				6F36DDD721F38782001FE943 /* CambridgeTranscribe */,
				6F36DDD621F38782001FE943 /* Products */,
				84F4863DE67919E8314B5E73 /* Pods */,
				B645C98F992FA4035331F7E5 /* Frameworks */,
			);
			sourceTree = "<group>";
		};
		6F36DDD621F38782001FE943 /* Products */ = {
			isa = PBXGroup;
			children = (
				6F36DDD521F38782001FE943 /* CambridgeTranscribe.app */,
			);
			name = Products;
			sourceTree = "<group>";
		};
		6F36DDD721F38782001FE943 /* CambridgeTranscribe */ = {
			isa = PBXGroup;
			children = (
				6F93888021FEE201004A1C40 /* BridgingHeader */,
				6FED1A532219BF2800A3D375 /* Utility */,
				6FFB845621FB428100739F76 /* Model */,
				6FE93AB621FA66BE0016069E /* Views */,
				6FAA21BC21FDFB9300C7389F /* Controller */,
				6FD8E7F621F4389600363438 /* CBLecturesCollectionViewController.h */,
				6FD8E7F721F4389600363438 /* CBLecturesCollectionViewController.m */,
				6FD8E7F921F43BC400363438 /* CBChatbotViewController.h */,
				6FD8E7FA21F43BC400363438 /* CBChatbotViewController.m */,
				6FB1C93421F48C9D004529BD /* CBLectureCollectionViewCell.h */,
				6FB1C93521F48C9D004529BD /* CBLectureCollectionViewCell.m */,
				6F36DDDE21F38782001FE943 /* Main.storyboard */,
				6F36DDE121F38784001FE943 /* Assets.xcassets */,
				6F36DDE621F38784001FE943 /* Info.plist */,
				6FD8E7CA21F40D1200363438 /* Fonts */,
				6FE93AB021FA60B20016069E /* Support */,
			);
			path = CambridgeTranscribe;
			sourceTree = "<group>";
		};
		6F93888021FEE201004A1C40 /* BridgingHeader */ = {
			isa = PBXGroup;
			children = (
				6F93888121FEE22A004A1C40 /* CambridgeTranscribe-Bridging-Header.h */,
			);
			path = BridgingHeader;
			sourceTree = "<group>";
		};
		6F9873592218B0CF008E302B /* CircleView */ = {
			isa = PBXGroup;
			children = (
				6F98735A2218B0E0008E302B /* CircleView.swift */,
			);
			path = CircleView;
			sourceTree = "<group>";
		};
		6FAA21BA21FDFB5900C7389F /* Root */ = {
			isa = PBXGroup;
			children = (
				6FAA21BB21FDFB6F00C7389F /* Views */,
				6FFBE22B21FEDD3F00CEFF1D /* RootContainerViewController.swift */,
				6F93887E21FEE02C004A1C40 /* TabBarController.swift */,
				6F93887C21FEDF91004A1C40 /* Root.storyboard */,
			);
			path = Root;
			sourceTree = "<group>";
		};
		6FAA21BB21FDFB6F00C7389F /* Views */ = {
			isa = PBXGroup;
			children = (
				6FED1A41221995D900A3D375 /* RecordTabBarItem */,
				6FED1A42221995E300A3D375 /* TabBarView */,
			);
			path = Views;
			sourceTree = "<group>";
		};
		6FAA21BC21FDFB9300C7389F /* Controller */ = {
			isa = PBXGroup;
			children = (
				6FAA21BA21FDFB5900C7389F /* Root */,
				6FE93AAF21FA60970016069E /* Record */,
				6F15506621FB645B00057F39 /* LecturesViewController */,
			);
			path = Controller;
			sourceTree = "<group>";
		};
		6FBB619B221B42AC0073650C /* SCSiriWaveformView */ = {
			isa = PBXGroup;
			children = (
				6FBB619D221B42BA0073650C /* SCSiriWaveformView.h */,
				6FBB619C221B42BA0073650C /* SCSiriWaveformView.m */,
			);
			path = SCSiriWaveformView;
			sourceTree = "<group>";
		};
		6FC0DBDB2218221E00497A68 /* ShiftView */ = {
			isa = PBXGroup;
			children = (
				6FC0DBDC2218223800497A68 /* ColorfulShiftView.swift */,
			);
			path = ShiftView;
			sourceTree = "<group>";
		};
		6FCC511E221962E20029AEAC /* TintImageView */ = {
			isa = PBXGroup;
			children = (
				6FCC511F221962F90029AEAC /* TintImageView.swift */,
			);
			path = TintImageView;
			sourceTree = "<group>";
		};
		6FD8E7CA21F40D1200363438 /* Fonts */ = {
			isa = PBXGroup;
			children = (
				6FD8E7CD21F40D3800363438 /* Brandon_bld_it.otf */,
				6FD8E7D421F40D3900363438 /* Brandon_bld.otf */,
				6FD8E7CE21F40D3900363438 /* Brandon_blk_it.otf */,
				6FD8E7D121F40D3900363438 /* Brandon_blk.otf */,
				6FD8E7CB21F40D3800363438 /* Brandon_light_it.otf */,
				6FD8E7D221F40D3900363438 /* Brandon_light.otf */,
				6FD8E7D321F40D3900363438 /* Brandon_med_it.otf */,
				6FD8E7CF21F40D3900363438 /* Brandon_med.otf */,
				6FD8E7D521F40D3900363438 /* Brandon_reg_it.otf */,
				6FD8E7D021F40D3900363438 /* Brandon_reg.otf */,
				6FD8E7CC21F40D3800363438 /* Brandon_thin_it.otf */,
				6FD8E7D621F40D3900363438 /* Brandon_thin.otf */,
				6FED1A4A2219BEC800A3D375 /* MaratPro-Black-Italic.otf */,
				6FED1A462219BEC700A3D375 /* MaratPro-Black.otf */,
				6FED1A442219BEC700A3D375 /* MaratPro-Bold-Italic.otf */,
				6FED1A452219BEC700A3D375 /* MaratPro-Bold.otf */,
				6FED1A482219BEC800A3D375 /* MaratPro-Medium-Italic.otf */,
				6FED1A432219BEC700A3D375 /* MaratPro-Medium.otf */,
				6FED1A492219BEC800A3D375 /* MaratPro-Regular-Italic.otf */,
				6FED1A472219BEC700A3D375 /* MaratPro-Regular.otf */,
			);
			path = Fonts;
			sourceTree = "<group>";
		};
		6FE5573521FAFFE100669EE9 /* Views */ = {
			isa = PBXGroup;
			children = (
				6FED1A5D2219C8CF00A3D375 /* CardCell */,
				6FED1A782219F3AB00A3D375 /* CardDetail */,
				6FE93AB121FA60E00016069E /* CBRecordSaveTranscriptView.h */,
				6FE93AB221FA60E00016069E /* CBRecordSaveTranscriptView.m */,
				6FE93AB421FA63C90016069E /* CBRecordSaveTranscriptView.xib */,
				6FE5574021FB09F300669EE9 /* CBTranscriptTextView.h */,
				6FE5574121FB09F300669EE9 /* CBTranscriptTextView.m */,
				6FE5574321FB0A0700669EE9 /* CBTranscriptTextView.xib */,
			);
			path = Views;
			sourceTree = "<group>";
		};
		6FE93AAF21FA60970016069E /* Record */ = {
			isa = PBXGroup;
			children = (
				6FE5573521FAFFE100669EE9 /* Views */,
				6FD8E7C121F3ECFA00363438 /* CBRecordViewController.h */,
				6FD8E7C221F3ECFA00363438 /* CBRecordViewController.m */,
				6FBB6197221B3E820073650C /* TranscribingViewController.swift */,
				6FED1A592219C33E00A3D375 /* RecordContainerViewController.swift */,
				6FED1A5B2219C36C00A3D375 /* Record.storyboard */,
				6FD8E7C421F3FE0000363438 /* CBRecordDetailViewController.h */,
				6FD8E7C521F3FE0000363438 /* CBRecordDetailViewController.m */,
				6FD8E7C721F4071900363438 /* CBRecordTranscriptViewController.h */,
				6FD8E7C821F4071900363438 /* CBRecordTranscriptViewController.m */,
			);
			path = Record;
			sourceTree = "<group>";
		};
		6FE93AB021FA60B20016069E /* Support */ = {
			isa = PBXGroup;
			children = (
				6F36DDE321F38784001FE943 /* LaunchScreen.storyboard */,
				6F36DDE721F38784001FE943 /* main.m */,
				6F36DDD821F38782001FE943 /* AppDelegate.h */,
				6F36DDD921F38782001FE943 /* AppDelegate.m */,
			);
			path = Support;
			sourceTree = "<group>";
		};
		6FE93AB621FA66BE0016069E /* Views */ = {
			isa = PBXGroup;
			children = (
				6FBB619B221B42AC0073650C /* SCSiriWaveformView */,
				6FED1A622219E4FD00A3D375 /* VerticalCardSwiper */,
				6FCC511E221962E20029AEAC /* TintImageView */,
				6F9873592218B0CF008E302B /* CircleView */,
				6FC0DBDB2218221E00497A68 /* ShiftView */,
				6F69F5FE21FC461E00F84EF9 /* CBChatbotHint.h */,
				6F69F5FF21FC461E00F84EF9 /* CBChatbotHint.m */,
				6F69F60121FC462F00F84EF9 /* CBChatbotHint.xib */,
				6FE93AB721FA66C30016069E /* Buttons */,
			);
			path = Views;
			sourceTree = "<group>";
		};
		6FE93AB721FA66C30016069E /* Buttons */ = {
			isa = PBXGroup;
			children = (
				6FE93AB821FA66E70016069E /* CBROutlineButton.h */,
				6FE93AB921FA66E70016069E /* CBROutlineButton.m */,
			);
			path = Buttons;
			sourceTree = "<group>";
		};
		6FED1A41221995D900A3D375 /* RecordTabBarItem */ = {
			isa = PBXGroup;
			children = (
				6F9873552218AF85008E302B /* RecordTabBarItem.swift */,
				6F9873572218AFC6008E302B /* RecordTabBarItem.xib */,
			);
			path = RecordTabBarItem;
			sourceTree = "<group>";
		};
		6FED1A42221995E300A3D375 /* TabBarView */ = {
			isa = PBXGroup;
			children = (
				6FCC511822195C7C0029AEAC /* TabBarView.swift */,
				6FCC511A22195C940029AEAC /* TabBarView.xib */,
			);
			path = TabBarView;
			sourceTree = "<group>";
		};
		6FED1A532219BF2800A3D375 /* Utility */ = {
			isa = PBXGroup;
			children = (
				6FED1A542219BF2F00A3D375 /* Font */,
			);
			path = Utility;
			sourceTree = "<group>";
		};
		6FED1A542219BF2F00A3D375 /* Font */ = {
			isa = PBXGroup;
			children = (
				6FED1A552219BF8C00A3D375 /* UIFont+Marat.swift */,
				6FED1A572219C1D100A3D375 /* UIFont+BrandonGrotesque.swift */,
			);
			path = Font;
			sourceTree = "<group>";
		};
		6FED1A5D2219C8CF00A3D375 /* CardCell */ = {
			isa = PBXGroup;
			children = (
				6FED1A5E2219C93100A3D375 /* RecordContainerCardCell.swift */,
				6FED1A5F2219C93100A3D375 /* RecordContainerCardCell.xib */,
			);
			path = CardCell;
			sourceTree = "<group>";
		};
		6FED1A622219E4FD00A3D375 /* VerticalCardSwiper */ = {
			isa = PBXGroup;
			children = (
				6FED1A732219E51400A3D375 /* CardCell.swift */,
				6FED1A742219E51400A3D375 /* CardDelegate.swift */,
				6FED1A722219E51400A3D375 /* Extensions.swift */,
				6FED1A632219E50C00A3D375 /* PanDirection.swift */,
				6FED1A642219E50D00A3D375 /* SwipeDirection.swift */,
				6FED1A652219E50D00A3D375 /* VerticalCardSwiper.h */,
				6FED1A692219E50E00A3D375 /* VerticalCardSwiper.swift */,
				6FED1A6A2219E50E00A3D375 /* VerticalCardSwiperDatasource.swift */,
				6FED1A682219E50E00A3D375 /* VerticalCardSwiperDelegate.swift */,
				6FED1A672219E50D00A3D375 /* VerticalCardSwiperFlowLayout.swift */,
				6FED1A662219E50D00A3D375 /* VerticalCardSwiperView.swift */,
			);
			path = VerticalCardSwiper;
			sourceTree = "<group>";
		};
		6FED1A782219F3AB00A3D375 /* CardDetail */ = {
			isa = PBXGroup;
			children = (
				6FED1A792219F3C600A3D375 /* CardDetailViewController.swift */,
				6FED1A7A2219F3C600A3D375 /* CardDetailViewController.xib */,
			);
			path = CardDetail;
			sourceTree = "<group>";
		};
		6FFB845621FB428100739F76 /* Model */ = {
			isa = PBXGroup;
			children = (
				6FFB845721FB42A000739F76 /* CBClassesManager.h */,
				6FFB845821FB42A000739F76 /* CBClassesManager.m */,
			);
			path = Model;
			sourceTree = "<group>";
		};
		84F4863DE67919E8314B5E73 /* Pods */ = {
			isa = PBXGroup;
			children = (
				FBB58E6986C6F2B7A1D0C903 /* Pods-CambridgeTranscribe.debug.xcconfig */,
				DF949BC2B7001A1609FE29F8 /* Pods-CambridgeTranscribe.release.xcconfig */,
			);
			name = Pods;
			sourceTree = "<group>";
		};
		B645C98F992FA4035331F7E5 /* Frameworks */ = {
			isa = PBXGroup;
			children = (
				7936189370E7CBB3485B8CD9 /* Pods_CambridgeTranscribe.framework */,
			);
			name = Frameworks;
			sourceTree = "<group>";
		};
/* End PBXGroup section */

/* Begin PBXNativeTarget section */
		6F36DDD421F38782001FE943 /* CambridgeTranscribe */ = {
			isa = PBXNativeTarget;
			buildConfigurationList = 6F36DDEB21F38784001FE943 /* Build configuration list for PBXNativeTarget "CambridgeTranscribe" */;
			buildPhases = (
				C436E7999FA14D62637F3B36 /* [CP] Check Pods Manifest.lock */,
				6F36DDD121F38782001FE943 /* Sources */,
				6F36DDD221F38782001FE943 /* Frameworks */,
				6F36DDD321F38782001FE943 /* Resources */,
				28985E351C4EDBF0A250C9D3 /* [CP] Embed Pods Frameworks */,
				6FB1398D21F39BAD002EB966 /* Embed Frameworks */,
			);
			buildRules = (
			);
			dependencies = (
			);
			name = CambridgeTranscribe;
			productName = CambridgeTranscribe;
			productReference = 6F36DDD521F38782001FE943 /* CambridgeTranscribe.app */;
			productType = "com.apple.product-type.application";
		};
/* End PBXNativeTarget section */

/* Begin PBXProject section */
		6F36DDCD21F38782001FE943 /* Project object */ = {
			isa = PBXProject;
			attributes = {
				LastUpgradeCheck = 1010;
				ORGANIZATIONNAME = "Viet Duc Nguyen";
				TargetAttributes = {
					6F36DDD421F38782001FE943 = {
						CreatedOnToolsVersion = 10.1;
						LastSwiftMigration = 1010;
					};
				};
			};
			buildConfigurationList = 6F36DDD021F38782001FE943 /* Build configuration list for PBXProject "CambridgeTranscribe" */;
			compatibilityVersion = "Xcode 9.3";
			developmentRegion = en;
			hasScannedForEncodings = 0;
			knownRegions = (
				en,
				Base,
			);
			mainGroup = 6F36DDCC21F38782001FE943;
			productRefGroup = 6F36DDD621F38782001FE943 /* Products */;
			projectDirPath = "";
			projectRoot = "";
			targets = (
				6F36DDD421F38782001FE943 /* CambridgeTranscribe */,
			);
		};
/* End PBXProject section */

/* Begin PBXResourcesBuildPhase section */
		6F36DDD321F38782001FE943 /* Resources */ = {
			isa = PBXResourcesBuildPhase;
			buildActionMask = 2147483647;
			files = (
				6FED1A4B2219BEC800A3D375 /* MaratPro-Medium.otf in Resources */,
				6FED1A522219BEC800A3D375 /* MaratPro-Black-Italic.otf in Resources */,
				6FED1A4E2219BEC800A3D375 /* MaratPro-Black.otf in Resources */,
				6FED1A512219BEC800A3D375 /* MaratPro-Regular-Italic.otf in Resources */,
				6FCC511B22195C940029AEAC /* TabBarView.xib in Resources */,
				6FED1A4D2219BEC800A3D375 /* MaratPro-Bold.otf in Resources */,
				6FED1A7C2219F3C600A3D375 /* CardDetailViewController.xib in Resources */,
				6F93887D21FEDF91004A1C40 /* Root.storyboard in Resources */,
				6FD8E7E221F411B200363438 /* Brandon_thin.otf in Resources */,
				6FED1A612219C93100A3D375 /* RecordContainerCardCell.xib in Resources */,
				6FED1A4F2219BEC800A3D375 /* MaratPro-Regular.otf in Resources */,
				6F36DDE521F38784001FE943 /* LaunchScreen.storyboard in Resources */,
				6FED1A5C2219C36C00A3D375 /* Record.storyboard in Resources */,
				6FED1A502219BEC800A3D375 /* MaratPro-Medium-Italic.otf in Resources */,
				6F15506B21FB648800057F39 /* CBLectureView.xib in Resources */,
				6FED1A4C2219BEC800A3D375 /* MaratPro-Bold-Italic.otf in Resources */,
				6F36DDE221F38784001FE943 /* Assets.xcassets in Resources */,
				6FD8E7DF21F411B200363438 /* Brandon_reg_it.otf in Resources */,
				6FD8E7DB21F411B200363438 /* Brandon_light_it.otf in Resources */,
				6FD8E7DA21F411B200363438 /* Brandon_blk.otf in Resources */,
				6FE5574421FB0A0700669EE9 /* CBTranscriptTextView.xib in Resources */,
				6F9873582218AFC6008E302B /* RecordTabBarItem.xib in Resources */,
				6F69F60221FC462F00F84EF9 /* CBChatbotHint.xib in Resources */,
				6FD8E7E021F411B200363438 /* Brandon_reg.otf in Resources */,
				6FE93AB521FA63C90016069E /* CBRecordSaveTranscriptView.xib in Resources */,
				6FD8E7E121F411B200363438 /* Brandon_thin_it.otf in Resources */,
				6FD8E7DC21F411B200363438 /* Brandon_light.otf in Resources */,
				6FD8E7D821F411B200363438 /* Brandon_bld.otf in Resources */,
				6FD8E7DD21F411B200363438 /* Brandon_med_it.otf in Resources */,
				6FD8E7D921F411B200363438 /* Brandon_blk_it.otf in Resources */,
				6FD8E7D721F411B200363438 /* Brandon_bld_it.otf in Resources */,
				6FD8E7DE21F411B200363438 /* Brandon_med.otf in Resources */,
				6F36DDE021F38782001FE943 /* Main.storyboard in Resources */,
			);
			runOnlyForDeploymentPostprocessing = 0;
		};
/* End PBXResourcesBuildPhase section */

/* Begin PBXShellScriptBuildPhase section */
		28985E351C4EDBF0A250C9D3 /* [CP] Embed Pods Frameworks */ = {
			isa = PBXShellScriptBuildPhase;
			buildActionMask = 2147483647;
			files = (
			);
			inputPaths = (
				"${PODS_ROOT}/Target Support Files/Pods-CambridgeTranscribe/Pods-CambridgeTranscribe-frameworks.sh",
				"${BUILT_PRODUCTS_DIR}/AFNetworking/AFNetworking.framework",
				"${BUILT_PRODUCTS_DIR}/ActionSheetPicker-3.0/ActionSheetPicker_3_0.framework",
				"${BUILT_PRODUCTS_DIR}/ApiAI/ApiAI.framework",
				"${BUILT_PRODUCTS_DIR}/FCAlertView/FCAlertView.framework",
				"${BUILT_PRODUCTS_DIR}/FFPopup/FFPopup.framework",
				"${BUILT_PRODUCTS_DIR}/MZTimerLabel/MZTimerLabel.framework",
				"${BUILT_PRODUCTS_DIR}/Motion/Motion.framework",
				"${BUILT_PRODUCTS_DIR}/NSDate+TimeAgo/NSDate_TimeAgo.framework",
				"${BUILT_PRODUCTS_DIR}/Pulsator/Pulsator.framework",
				"${BUILT_PRODUCTS_DIR}/Shift/Shift.framework",
				"${BUILT_PRODUCTS_DIR}/SkyFloatingLabelTextField/SkyFloatingLabelTextField.framework",
			);
			name = "[CP] Embed Pods Frameworks";
			outputPaths = (
				"${TARGET_BUILD_DIR}/${FRAMEWORKS_FOLDER_PATH}/AFNetworking.framework",
				"${TARGET_BUILD_DIR}/${FRAMEWORKS_FOLDER_PATH}/ActionSheetPicker_3_0.framework",
				"${TARGET_BUILD_DIR}/${FRAMEWORKS_FOLDER_PATH}/ApiAI.framework",
				"${TARGET_BUILD_DIR}/${FRAMEWORKS_FOLDER_PATH}/FCAlertView.framework",
				"${TARGET_BUILD_DIR}/${FRAMEWORKS_FOLDER_PATH}/FFPopup.framework",
				"${TARGET_BUILD_DIR}/${FRAMEWORKS_FOLDER_PATH}/MZTimerLabel.framework",
				"${TARGET_BUILD_DIR}/${FRAMEWORKS_FOLDER_PATH}/Motion.framework",
				"${TARGET_BUILD_DIR}/${FRAMEWORKS_FOLDER_PATH}/NSDate_TimeAgo.framework",
				"${TARGET_BUILD_DIR}/${FRAMEWORKS_FOLDER_PATH}/Pulsator.framework",
				"${TARGET_BUILD_DIR}/${FRAMEWORKS_FOLDER_PATH}/Shift.framework",
				"${TARGET_BUILD_DIR}/${FRAMEWORKS_FOLDER_PATH}/SkyFloatingLabelTextField.framework",
			);
			runOnlyForDeploymentPostprocessing = 0;
			shellPath = /bin/sh;
			shellScript = "\"${PODS_ROOT}/Target Support Files/Pods-CambridgeTranscribe/Pods-CambridgeTranscribe-frameworks.sh\"\n";
			showEnvVarsInLog = 0;
		};
		C436E7999FA14D62637F3B36 /* [CP] Check Pods Manifest.lock */ = {
			isa = PBXShellScriptBuildPhase;
			buildActionMask = 2147483647;
			files = (
			);
			inputPaths = (
				"${PODS_PODFILE_DIR_PATH}/Podfile.lock",
				"${PODS_ROOT}/Manifest.lock",
			);
			name = "[CP] Check Pods Manifest.lock";
			outputPaths = (
				"$(DERIVED_FILE_DIR)/Pods-CambridgeTranscribe-checkManifestLockResult.txt",
			);
			runOnlyForDeploymentPostprocessing = 0;
			shellPath = /bin/sh;
			shellScript = "diff \"${PODS_PODFILE_DIR_PATH}/Podfile.lock\" \"${PODS_ROOT}/Manifest.lock\" > /dev/null\nif [ $? != 0 ] ; then\n    # print error to STDERR\n    echo \"error: The sandbox is not in sync with the Podfile.lock. Run 'pod install' or update your CocoaPods installation.\" >&2\n    exit 1\nfi\n# This output is used by Xcode 'outputs' to avoid re-running this script phase.\necho \"SUCCESS\" > \"${SCRIPT_OUTPUT_FILE_0}\"\n";
			showEnvVarsInLog = 0;
		};
/* End PBXShellScriptBuildPhase section */

/* Begin PBXSourcesBuildPhase section */
		6F36DDD121F38782001FE943 /* Sources */ = {
			isa = PBXSourcesBuildPhase;
			buildActionMask = 2147483647;
			files = (
				6FE93ABA21FA66E70016069E /* CBROutlineButton.m in Sources */,
				6FE93AB321FA60E00016069E /* CBRecordSaveTranscriptView.m in Sources */,
				6F9873562218AF85008E302B /* RecordTabBarItem.swift in Sources */,
				6FE5574221FB09F300669EE9 /* CBTranscriptTextView.m in Sources */,
				6F36DDE821F38784001FE943 /* main.m in Sources */,
				6FED1A6E2219E50E00A3D375 /* VerticalCardSwiperFlowLayout.swift in Sources */,
				6F15506921FB647D00057F39 /* CBLectureView.m in Sources */,
				6FD8E7FB21F43BC400363438 /* CBChatbotViewController.m in Sources */,
				6FBB6198221B3E820073650C /* TranscribingViewController.swift in Sources */,
				6FED1A582219C1D100A3D375 /* UIFont+BrandonGrotesque.swift in Sources */,
				6FD8E7C921F4071900363438 /* CBRecordTranscriptViewController.m in Sources */,
				6FED1A772219E51400A3D375 /* CardDelegate.swift in Sources */,
				6FC0DBDD2218223800497A68 /* ColorfulShiftView.swift in Sources */,
				6FD8E7E521F426B000363438 /* CBLecturesContainerViewController.m in Sources */,
				6FED1A7B2219F3C600A3D375 /* CardDetailViewController.swift in Sources */,
				6FBB619E221B42BA0073650C /* SCSiriWaveformView.m in Sources */,
				6FD8E7F521F42DD600363438 /* CBClassCollectionViewCell.m in Sources */,
				6FED1A6F2219E50E00A3D375 /* VerticalCardSwiperDelegate.swift in Sources */,
				6FD8E7C621F3FE0000363438 /* CBRecordDetailViewController.m in Sources */,
				6FED1A702219E50E00A3D375 /* VerticalCardSwiper.swift in Sources */,
				6FED1A6B2219E50E00A3D375 /* PanDirection.swift in Sources */,
				6F93887F21FEE02C004A1C40 /* TabBarController.swift in Sources */,
				6FCC5120221962F90029AEAC /* TintImageView.swift in Sources */,
				6FED1A762219E51400A3D375 /* CardCell.swift in Sources */,
				6FED1A752219E51400A3D375 /* Extensions.swift in Sources */,
				6F36DDDA21F38782001FE943 /* AppDelegate.m in Sources */,
				6FED1A562219BF8C00A3D375 /* UIFont+Marat.swift in Sources */,
				6FFB845921FB42A000739F76 /* CBClassesManager.m in Sources */,
				6F69F60021FC461E00F84EF9 /* CBChatbotHint.m in Sources */,
				6FCC511922195C7C0029AEAC /* TabBarView.swift in Sources */,
				6FED1A5A2219C33E00A3D375 /* RecordContainerViewController.swift in Sources */,
				6FB1C93621F48C9E004529BD /* CBLectureCollectionViewCell.m in Sources */,
				6FD8E7F221F42C2900363438 /* CBClassCollectionViewController.m in Sources */,
				6FED1A6C2219E50E00A3D375 /* SwipeDirection.swift in Sources */,
				6FED1A712219E50E00A3D375 /* VerticalCardSwiperDatasource.swift in Sources */,
				6F98735B2218B0E0008E302B /* CircleView.swift in Sources */,
				6FED1A6D2219E50E00A3D375 /* VerticalCardSwiperView.swift in Sources */,
				6FED1A602219C93100A3D375 /* RecordContainerCardCell.swift in Sources */,
				6FFBE22D21FEDD3F00CEFF1D /* RootContainerViewController.swift in Sources */,
				6FD8E7F821F4389600363438 /* CBLecturesCollectionViewController.m in Sources */,
				6FD8E7C321F3ECFA00363438 /* CBRecordViewController.m in Sources */,
			);
			runOnlyForDeploymentPostprocessing = 0;
		};
/* End PBXSourcesBuildPhase section */

/* Begin PBXVariantGroup section */
		6F36DDDE21F38782001FE943 /* Main.storyboard */ = {
			isa = PBXVariantGroup;
			children = (
				6F36DDDF21F38782001FE943 /* Base */,
			);
			name = Main.storyboard;
			sourceTree = "<group>";
		};
		6F36DDE321F38784001FE943 /* LaunchScreen.storyboard */ = {
			isa = PBXVariantGroup;
			children = (
				6F36DDE421F38784001FE943 /* Base */,
			);
			name = LaunchScreen.storyboard;
			sourceTree = "<group>";
		};
/* End PBXVariantGroup section */

/* Begin XCBuildConfiguration section */
		6F36DDE921F38784001FE943 /* Debug */ = {
			isa = XCBuildConfiguration;
			buildSettings = {
				ALWAYS_SEARCH_USER_PATHS = NO;
				CLANG_ANALYZER_NONNULL = YES;
				CLANG_ANALYZER_NUMBER_OBJECT_CONVERSION = YES_AGGRESSIVE;
				CLANG_CXX_LANGUAGE_STANDARD = "gnu++14";
				CLANG_CXX_LIBRARY = "libc++";
				CLANG_ENABLE_MODULES = YES;
				CLANG_ENABLE_OBJC_ARC = YES;
				CLANG_ENABLE_OBJC_WEAK = YES;
				CLANG_WARN_BLOCK_CAPTURE_AUTORELEASING = YES;
				CLANG_WARN_BOOL_CONVERSION = YES;
				CLANG_WARN_COMMA = YES;
				CLANG_WARN_CONSTANT_CONVERSION = YES;
				CLANG_WARN_DEPRECATED_OBJC_IMPLEMENTATIONS = YES;
				CLANG_WARN_DIRECT_OBJC_ISA_USAGE = YES_ERROR;
				CLANG_WARN_DOCUMENTATION_COMMENTS = YES;
				CLANG_WARN_EMPTY_BODY = YES;
				CLANG_WARN_ENUM_CONVERSION = YES;
				CLANG_WARN_INFINITE_RECURSION = YES;
				CLANG_WARN_INT_CONVERSION = YES;
				CLANG_WARN_NON_LITERAL_NULL_CONVERSION = YES;
				CLANG_WARN_OBJC_IMPLICIT_RETAIN_SELF = YES;
				CLANG_WARN_OBJC_LITERAL_CONVERSION = YES;
				CLANG_WARN_OBJC_ROOT_CLASS = YES_ERROR;
				CLANG_WARN_RANGE_LOOP_ANALYSIS = YES;
				CLANG_WARN_STRICT_PROTOTYPES = YES;
				CLANG_WARN_SUSPICIOUS_MOVE = YES;
				CLANG_WARN_UNGUARDED_AVAILABILITY = YES_AGGRESSIVE;
				CLANG_WARN_UNREACHABLE_CODE = YES;
				CLANG_WARN__DUPLICATE_METHOD_MATCH = YES;
				CODE_SIGN_IDENTITY = "iPhone Developer";
				COPY_PHASE_STRIP = NO;
				DEBUG_INFORMATION_FORMAT = dwarf;
				ENABLE_STRICT_OBJC_MSGSEND = YES;
				ENABLE_TESTABILITY = YES;
				GCC_C_LANGUAGE_STANDARD = gnu11;
				GCC_DYNAMIC_NO_PIC = NO;
				GCC_NO_COMMON_BLOCKS = YES;
				GCC_OPTIMIZATION_LEVEL = 0;
				GCC_PREPROCESSOR_DEFINITIONS = (
					"DEBUG=1",
					"$(inherited)",
				);
				GCC_WARN_64_TO_32_BIT_CONVERSION = YES;
				GCC_WARN_ABOUT_RETURN_TYPE = YES_ERROR;
				GCC_WARN_UNDECLARED_SELECTOR = YES;
				GCC_WARN_UNINITIALIZED_AUTOS = YES_AGGRESSIVE;
				GCC_WARN_UNUSED_FUNCTION = YES;
				GCC_WARN_UNUSED_VARIABLE = YES;
				IPHONEOS_DEPLOYMENT_TARGET = 12.1;
				MTL_ENABLE_DEBUG_INFO = INCLUDE_SOURCE;
				MTL_FAST_MATH = YES;
				ONLY_ACTIVE_ARCH = YES;
				SDKROOT = iphoneos;
			};
			name = Debug;
		};
		6F36DDEA21F38784001FE943 /* Release */ = {
			isa = XCBuildConfiguration;
			buildSettings = {
				ALWAYS_SEARCH_USER_PATHS = NO;
				CLANG_ANALYZER_NONNULL = YES;
				CLANG_ANALYZER_NUMBER_OBJECT_CONVERSION = YES_AGGRESSIVE;
				CLANG_CXX_LANGUAGE_STANDARD = "gnu++14";
				CLANG_CXX_LIBRARY = "libc++";
				CLANG_ENABLE_MODULES = YES;
				CLANG_ENABLE_OBJC_ARC = YES;
				CLANG_ENABLE_OBJC_WEAK = YES;
				CLANG_WARN_BLOCK_CAPTURE_AUTORELEASING = YES;
				CLANG_WARN_BOOL_CONVERSION = YES;
				CLANG_WARN_COMMA = YES;
				CLANG_WARN_CONSTANT_CONVERSION = YES;
				CLANG_WARN_DEPRECATED_OBJC_IMPLEMENTATIONS = YES;
				CLANG_WARN_DIRECT_OBJC_ISA_USAGE = YES_ERROR;
				CLANG_WARN_DOCUMENTATION_COMMENTS = YES;
				CLANG_WARN_EMPTY_BODY = YES;
				CLANG_WARN_ENUM_CONVERSION = YES;
				CLANG_WARN_INFINITE_RECURSION = YES;
				CLANG_WARN_INT_CONVERSION = YES;
				CLANG_WARN_NON_LITERAL_NULL_CONVERSION = YES;
				CLANG_WARN_OBJC_IMPLICIT_RETAIN_SELF = YES;
				CLANG_WARN_OBJC_LITERAL_CONVERSION = YES;
				CLANG_WARN_OBJC_ROOT_CLASS = YES_ERROR;
				CLANG_WARN_RANGE_LOOP_ANALYSIS = YES;
				CLANG_WARN_STRICT_PROTOTYPES = YES;
				CLANG_WARN_SUSPICIOUS_MOVE = YES;
				CLANG_WARN_UNGUARDED_AVAILABILITY = YES_AGGRESSIVE;
				CLANG_WARN_UNREACHABLE_CODE = YES;
				CLANG_WARN__DUPLICATE_METHOD_MATCH = YES;
				CODE_SIGN_IDENTITY = "iPhone Developer";
				COPY_PHASE_STRIP = NO;
				DEBUG_INFORMATION_FORMAT = "dwarf-with-dsym";
				ENABLE_NS_ASSERTIONS = NO;
				ENABLE_STRICT_OBJC_MSGSEND = YES;
				GCC_C_LANGUAGE_STANDARD = gnu11;
				GCC_NO_COMMON_BLOCKS = YES;
				GCC_WARN_64_TO_32_BIT_CONVERSION = YES;
				GCC_WARN_ABOUT_RETURN_TYPE = YES_ERROR;
				GCC_WARN_UNDECLARED_SELECTOR = YES;
				GCC_WARN_UNINITIALIZED_AUTOS = YES_AGGRESSIVE;
				GCC_WARN_UNUSED_FUNCTION = YES;
				GCC_WARN_UNUSED_VARIABLE = YES;
				IPHONEOS_DEPLOYMENT_TARGET = 12.1;
				MTL_ENABLE_DEBUG_INFO = NO;
				MTL_FAST_MATH = YES;
				SDKROOT = iphoneos;
				SWIFT_COMPILATION_MODE = wholemodule;
				VALIDATE_PRODUCT = YES;
			};
			name = Release;
		};
		6F36DDEC21F38784001FE943 /* Debug */ = {
			isa = XCBuildConfiguration;
			baseConfigurationReference = FBB58E6986C6F2B7A1D0C903 /* Pods-CambridgeTranscribe.debug.xcconfig */;
			buildSettings = {
				ASSETCATALOG_COMPILER_APPICON_NAME = AppIcon;
				CLANG_ENABLE_MODULES = YES;
				CODE_SIGN_STYLE = Automatic;
				DEFINES_MODULE = YES;
				DEVELOPMENT_TEAM = A4HGRGXTC4;
				FRAMEWORK_SEARCH_PATHS = (
					"$(inherited)",
					"$(PROJECT_DIR)",
				);
				INFOPLIST_FILE = CambridgeTranscribe/Info.plist;
				IPHONEOS_DEPLOYMENT_TARGET = 11.0;
				LD_RUNPATH_SEARCH_PATHS = (
					"$(inherited)",
					"@executable_path/Frameworks",
				);
				PRODUCT_BUNDLE_IDENTIFIER = "vdn.tu-berlin.CambridgeTranscribe";
				PRODUCT_NAME = "$(TARGET_NAME)";
				SWIFT_OBJC_BRIDGING_HEADER = "CambridgeTranscribe/BridgingHeader/CambridgeTranscribe-Bridging-Header.h";
				SWIFT_OPTIMIZATION_LEVEL = "-Onone";
				SWIFT_VERSION = 4.2;
				TARGETED_DEVICE_FAMILY = 1;
			};
			name = Debug;
		};
		6F36DDED21F38784001FE943 /* Release */ = {
			isa = XCBuildConfiguration;
			baseConfigurationReference = DF949BC2B7001A1609FE29F8 /* Pods-CambridgeTranscribe.release.xcconfig */;
			buildSettings = {
				ASSETCATALOG_COMPILER_APPICON_NAME = AppIcon;
				CLANG_ENABLE_MODULES = YES;
				CODE_SIGN_STYLE = Automatic;
				DEFINES_MODULE = YES;
				DEVELOPMENT_TEAM = A4HGRGXTC4;
				FRAMEWORK_SEARCH_PATHS = (
					"$(inherited)",
					"$(PROJECT_DIR)",
				);
				INFOPLIST_FILE = CambridgeTranscribe/Info.plist;
				IPHONEOS_DEPLOYMENT_TARGET = 11.0;
				LD_RUNPATH_SEARCH_PATHS = (
					"$(inherited)",
					"@executable_path/Frameworks",
				);
				PRODUCT_BUNDLE_IDENTIFIER = "vdn.tu-berlin.CambridgeTranscribe";
				PRODUCT_NAME = "$(TARGET_NAME)";
				SWIFT_OBJC_BRIDGING_HEADER = "CambridgeTranscribe/BridgingHeader/CambridgeTranscribe-Bridging-Header.h";
				SWIFT_VERSION = 4.2;
				TARGETED_DEVICE_FAMILY = 1;
			};
			name = Release;
		};
/* End XCBuildConfiguration section */

/* Begin XCConfigurationList section */
		6F36DDD021F38782001FE943 /* Build configuration list for PBXProject "CambridgeTranscribe" */ = {
			isa = XCConfigurationList;
			buildConfigurations = (
				6F36DDE921F38784001FE943 /* Debug */,
				6F36DDEA21F38784001FE943 /* Release */,
			);
			defaultConfigurationIsVisible = 0;
			defaultConfigurationName = Release;
		};
		6F36DDEB21F38784001FE943 /* Build configuration list for PBXNativeTarget "CambridgeTranscribe" */ = {
			isa = XCConfigurationList;
			buildConfigurations = (
				6F36DDEC21F38784001FE943 /* Debug */,
				6F36DDED21F38784001FE943 /* Release */,
			);
			defaultConfigurationIsVisible = 0;
			defaultConfigurationName = Release;
		};
/* End XCConfigurationList section */
	};
	rootObject = 6F36DDCD21F38782001FE943 /* Project object */;
}
